// !$*UTF8*$!
{
	archiveVersion = 1;
	classes = {
	};
	objectVersion = 50;
	objects = {

/* Begin PBXBuildFile section */
		44EE8F12210D88EA00F387A3 /* VolunteerCell.swift in Sources */ = {isa = PBXBuildFile; fileRef = 44EE8F11210D88EA00F387A3 /* VolunteerCell.swift */; };
		7A695A0B215AE9CC00D4696D /* NotificationName.swift in Sources */ = {isa = PBXBuildFile; fileRef = 7A695A0A215AE9CC00D4696D /* NotificationName.swift */; };
		ACD763F3135C5C1DBAD3E706 /* Pods_KifuSF.framework in Frameworks */ = {isa = PBXBuildFile; fileRef = 75120AF291FB1A99E32061F5 /* Pods_KifuSF.framework */; };
		C50182E62141B1D400257412 /* UIImage.swift in Sources */ = {isa = PBXBuildFile; fileRef = C50182E52141B1D400257412 /* UIImage.swift */; };
		C50182E82141B24C00257412 /* UIStoryboardSegue.swift in Sources */ = {isa = PBXBuildFile; fileRef = C50182E72141B24C00257412 /* UIStoryboardSegue.swift */; };
		C50182ED2142AC9A00257412 /* KFCStatus.swift in Sources */ = {isa = PBXBuildFile; fileRef = C50182EC2142AC9A00257412 /* KFCStatus.swift */; };
		C50182F02142AD4E00257412 /* DeliveryModularTableViewController.swift in Sources */ = {isa = PBXBuildFile; fileRef = C50182EF2142AD4E00257412 /* DeliveryModularTableViewController.swift */; };
		C50182F62142E3F100257412 /* UIDescriptorView.swift in Sources */ = {isa = PBXBuildFile; fileRef = C50182F52142E3F100257412 /* UIDescriptorView.swift */; };
		C50182FA2142FB1B00257412 /* UIStickyView.swift in Sources */ = {isa = PBXBuildFile; fileRef = C50182F92142FB1B00257412 /* UIStickyView.swift */; };
		C50182FC21430FE800257412 /* KFVDonationInfo.swift in Sources */ = {isa = PBXBuildFile; fileRef = C50182FB21430FE800257412 /* KFVDonationInfo.swift */; };
		C50182FE2143B8F600257412 /* UIStatisticsView.swift in Sources */ = {isa = PBXBuildFile; fileRef = C50182FD2143B8F600257412 /* UIStatisticsView.swift */; };
		C50183002143BBD400257412 /* KFVVolunteerInfo.swift in Sources */ = {isa = PBXBuildFile; fileRef = C50182FF2143BBD400257412 /* KFVVolunteerInfo.swift */; };
		C501830221447B7300257412 /* KFVPendingDonation.swift in Sources */ = {isa = PBXBuildFile; fileRef = C501830121447B7300257412 /* KFVPendingDonation.swift */; };
		C501830421447FD900257412 /* KFVRoundedCell.swift in Sources */ = {isa = PBXBuildFile; fileRef = C501830321447FD900257412 /* KFVRoundedCell.swift */; };
		C50515C9213694F900718AE5 /* KFCDetailedDonation.swift in Sources */ = {isa = PBXBuildFile; fileRef = C50515C8213694F900718AE5 /* KFCDetailedDonation.swift */; };
		C505BD7B214700D400A5195B /* KFCTableViewWithRoundedCells.swift in Sources */ = {isa = PBXBuildFile; fileRef = C505BD7A214700D400A5195B /* KFCTableViewWithRoundedCells.swift */; };
		C50E4732215187C4008A8C36 /* KFMVolunteerInfo.swift in Sources */ = {isa = PBXBuildFile; fileRef = C50E4731215187C4008A8C36 /* KFMVolunteerInfo.swift */; };
		C50E473521518977008A8C36 /* KFMPendingDonation.swift in Sources */ = {isa = PBXBuildFile; fileRef = C50E473421518977008A8C36 /* KFMPendingDonation.swift */; };
		C515B2302175257100051FFD /* AuthenticationServices.framework in Frameworks */ = {isa = PBXBuildFile; fileRef = C515B22F2175257100051FFD /* AuthenticationServices.framework */; };
		C5231EF221DD63A1001D9A7D /* SettingsViewController.swift in Sources */ = {isa = PBXBuildFile; fileRef = C5231EF121DD63A1001D9A7D /* SettingsViewController.swift */; };
		C5231EF821DEB620001D9A7D /* SFSafariViewController.swift in Sources */ = {isa = PBXBuildFile; fileRef = C5231EF721DEB620001D9A7D /* SFSafariViewController.swift */; };
		C5231EFB21DEB9EE001D9A7D /* WebsiteModel.swift in Sources */ = {isa = PBXBuildFile; fileRef = C5231EFA21DEB9EE001D9A7D /* WebsiteModel.swift */; };
		C5231EFD21DEBAA9001D9A7D /* SettingsItem.swift in Sources */ = {isa = PBXBuildFile; fileRef = C5231EFC21DEBAA9001D9A7D /* SettingsItem.swift */; };
		C5231EFF21DF82C1001D9A7D /* MailComposerModel.swift in Sources */ = {isa = PBXBuildFile; fileRef = C5231EFE21DF82C1001D9A7D /* MailComposerModel.swift */; };
		C5231F0121DF9550001D9A7D /* InformationModel.swift in Sources */ = {isa = PBXBuildFile; fileRef = C5231F0021DF9550001D9A7D /* InformationModel.swift */; };
		C5231F0321DFC56F001D9A7D /* ModularTableViewItem.swift in Sources */ = {isa = PBXBuildFile; fileRef = C5231F0221DFC56F001D9A7D /* ModularTableViewItem.swift */; };
		C53D92B82171E42500AE3882 /* LoginViewController.swift in Sources */ = {isa = PBXBuildFile; fileRef = C53D92B72171E42500AE3882 /* LoginViewController.swift */; };
		C53D92BA2171E46700AE3882 /* UIViewController.swift in Sources */ = {isa = PBXBuildFile; fileRef = C53D92B92171E46700AE3882 /* UIViewController.swift */; };
		C53D92BC21724B2900AE3882 /* UITextFieldContainer.swift in Sources */ = {isa = PBXBuildFile; fileRef = C53D92BB21724B2900AE3882 /* UITextFieldContainer.swift */; };
		C53D92BE217341FB00AE3882 /* UIScrollView.swift in Sources */ = {isa = PBXBuildFile; fileRef = C53D92BD217341FB00AE3882 /* UIScrollView.swift */; };
		C53D92C02173438300AE3882 /* UIImageView.swift in Sources */ = {isa = PBXBuildFile; fileRef = C53D92BF2173438300AE3882 /* UIImageView.swift */; };
		C53D92C221735F4600AE3882 /* KFCLocationServiceDisclaimer.swift in Sources */ = {isa = PBXBuildFile; fileRef = C53D92C121735F4600AE3882 /* KFCLocationServiceDisclaimer.swift */; };
		C53D92C421736C4400AE3882 /* KFCPhoneNumberValidation.swift in Sources */ = {isa = PBXBuildFile; fileRef = C53D92C321736C4400AE3882 /* KFCPhoneNumberValidation.swift */; };
		C53D92C621738F0C00AE3882 /* KFCFlagging.swift in Sources */ = {isa = PBXBuildFile; fileRef = C53D92C521738F0C00AE3882 /* KFCFlagging.swift */; };
		C541E5FD21D644280024E437 /* UIView.swift in Sources */ = {isa = PBXBuildFile; fileRef = C58B05D1213DBD380086124B /* UIView.swift */; };
		C541E5FE21D644390024E437 /* KFMOpenDonationDescriptionItem.swift in Sources */ = {isa = PBXBuildFile; fileRef = C50E472C2151823D008A8C36 /* KFMOpenDonationDescriptionItem.swift */; };
		C541E5FF21D644400024E437 /* KifuTabBarViewController.swift in Sources */ = {isa = PBXBuildFile; fileRef = C505BD782146F73A00A5195B /* KifuTabBarViewController.swift */; };
		C541E60021D644480024E437 /* KFMDonationInfo.swift in Sources */ = {isa = PBXBuildFile; fileRef = C50E472E21518692008A8C36 /* KFMDonationInfo.swift */; };
		C541E60121D6445A0024E437 /* KFCLeaderboard.swift in Sources */ = {isa = PBXBuildFile; fileRef = C58D9EBF216264FF00B180B3 /* KFCLeaderboard.swift */; };
		C541E60321D66E9A0024E437 /* VerifyDropoffViewController.swift in Sources */ = {isa = PBXBuildFile; fileRef = C541E60221D66E9A0024E437 /* VerifyDropoffViewController.swift */; };
		C541E60521D675530024E437 /* LaunchScreen.storyboard in Resources */ = {isa = PBXBuildFile; fileRef = C5A351DD210D0CE500A717D3 /* LaunchScreen.storyboard */; };
		C541E60721D76DB90024E437 /* ReviewCollaboratorViewController.swift in Sources */ = {isa = PBXBuildFile; fileRef = C541E60621D76DB90024E437 /* ReviewCollaboratorViewController.swift */; };
		C541E60921D77C6F0024E437 /* ReviewCollaboratorDescriptorView.swift in Sources */ = {isa = PBXBuildFile; fileRef = C541E60821D77C6F0024E437 /* ReviewCollaboratorDescriptorView.swift */; };
		C541E60F21D7D53D0024E437 /* SlideView.swift in Sources */ = {isa = PBXBuildFile; fileRef = C541E60E21D7D53D0024E437 /* SlideView.swift */; };
		C541E61121D7D7A00024E437 /* TutorialViewController.swift in Sources */ = {isa = PBXBuildFile; fileRef = C541E61021D7D7A00024E437 /* TutorialViewController.swift */; };
		C54284162152BFAD00373586 /* KFCDonation.swift in Sources */ = {isa = PBXBuildFile; fileRef = C54284152152BFAD00373586 /* KFCDonation.swift */; };
		C5475D0721541FF1006BA324 /* KFVProgress.swift in Sources */ = {isa = PBXBuildFile; fileRef = C5475D0621541FF1006BA324 /* KFVProgress.swift */; };
		C5475D0921542084006BA324 /* KFVProgress.xib in Resources */ = {isa = PBXBuildFile; fileRef = C5475D0821542084006BA324 /* KFVProgress.xib */; };
		C5475D0C21542796006BA324 /* KFMProgress.swift in Sources */ = {isa = PBXBuildFile; fileRef = C5475D0B21542796006BA324 /* KFMProgress.swift */; };
		C5475D0F21556ADB006BA324 /* KFVInProgressDonationDescription.swift in Sources */ = {isa = PBXBuildFile; fileRef = C5475D0E21556ADB006BA324 /* KFVInProgressDonationDescription.swift */; };
		C5475D1121556EA1006BA324 /* KFMInProgressDonationDescription.swift in Sources */ = {isa = PBXBuildFile; fileRef = C5475D1021556EA1006BA324 /* KFMInProgressDonationDescription.swift */; };
		C54FDBD82141756000BC89B8 /* UITableView.swift in Sources */ = {isa = PBXBuildFile; fileRef = C54FDBD72141756000BC89B8 /* UITableView.swift */; };
		C54FDBE1214199B800BC89B8 /* KFPWidgetInfo.swift in Sources */ = {isa = PBXBuildFile; fileRef = C54FDBE0214199B800BC89B8 /* KFPWidgetInfo.swift */; };
		C54FDBEB2141A7C700BC89B8 /* KFCPendingDonations.swift in Sources */ = {isa = PBXBuildFile; fileRef = C54FDBEA2141A7C700BC89B8 /* KFCPendingDonations.swift */; };
		C552163021DFCCD7005D85F0 /* ModularTableViewController.swift in Sources */ = {isa = PBXBuildFile; fileRef = C552162F21DFCCD7005D85F0 /* ModularTableViewController.swift */; };
		C555F8F421766897000CC299 /* UIWindow.swift in Sources */ = {isa = PBXBuildFile; fileRef = C555F8F321766897000CC299 /* UIWindow.swift */; };
		C560B7E72134732B008A9DF1 /* UIFont.swift in Sources */ = {isa = PBXBuildFile; fileRef = C560B7E62134732B008A9DF1 /* UIFont.swift */; };
		C560B7EB21353623008A9DF1 /* CALayer.swift in Sources */ = {isa = PBXBuildFile; fileRef = C560B7EA21353623008A9DF1 /* CALayer.swift */; };
		C560B7EF213579F1008A9DF1 /* KFVWidget.swift in Sources */ = {isa = PBXBuildFile; fileRef = C560B7EE213579F1008A9DF1 /* KFVWidget.swift */; };
		C564187A216A089F00664DDB /* RegisterFormViewController.swift in Sources */ = {isa = PBXBuildFile; fileRef = C5641879216A089F00664DDB /* RegisterFormViewController.swift */; };
		C564187C216A456400664DDB /* FrontPageViewController.swift in Sources */ = {isa = PBXBuildFile; fileRef = C564187B216A456400664DDB /* FrontPageViewController.swift */; };
		C564187E216A86BA00664DDB /* UIColor.swift in Sources */ = {isa = PBXBuildFile; fileRef = C564187D216A86BA00664DDB /* UIColor.swift */; };
		C576EFDE21C66A0D00F96922 /* Notification.swift in Sources */ = {isa = PBXBuildFile; fileRef = C576EFDD21C66A0D00F96922 /* Notification.swift */; };
		C576EFE821C7AE0600F96922 /* CreateDonationViewController.swift in Sources */ = {isa = PBXBuildFile; fileRef = C576EFE721C7AE0600F96922 /* CreateDonationViewController.swift */; };
		C576EFEA21C7AE9400F96922 /* UIGroupView.swift in Sources */ = {isa = PBXBuildFile; fileRef = C576EFE921C7AE9400F96922 /* UIGroupView.swift */; };
		C576EFEC21C7EAA000F96922 /* UIScrollableViewController.swift in Sources */ = {isa = PBXBuildFile; fileRef = C576EFEB21C7EAA000F96922 /* UIScrollableViewController.swift */; };
		C576EFEE21C82A4E00F96922 /* String.swift in Sources */ = {isa = PBXBuildFile; fileRef = C576EFED21C82A4E00F96922 /* String.swift */; };
		C58D9EB2215E0FC800B180B3 /* KFVEntityInfo.swift in Sources */ = {isa = PBXBuildFile; fileRef = C58D9EB1215E0FC800B180B3 /* KFVEntityInfo.swift */; };
		C58D9EB4215E137A00B180B3 /* KFMEntityInfo.swift in Sources */ = {isa = PBXBuildFile; fileRef = C58D9EB3215E137A00B180B3 /* KFMEntityInfo.swift */; };
		C58D9EB7215E209C00B180B3 /* CollaboratorDescriptorView.swift in Sources */ = {isa = PBXBuildFile; fileRef = C58D9EB6215E209C00B180B3 /* CollaboratorDescriptorView.swift */; };
		C58D9EB9215E20A500B180B3 /* KFMCollaboratorInfo.swift in Sources */ = {isa = PBXBuildFile; fileRef = C58D9EB8215E20A500B180B3 /* KFMCollaboratorInfo.swift */; };
		C58D9EBD216008D900B180B3 /* UIAnimatedButton.swift in Sources */ = {isa = PBXBuildFile; fileRef = C58D9EBC216008D900B180B3 /* UIAnimatedButton.swift */; };
		C58D9EC32162752A00B180B3 /* KFVDestinationMap.swift in Sources */ = {isa = PBXBuildFile; fileRef = C58D9EC22162752A00B180B3 /* KFVDestinationMap.swift */; };
		C58D9EC5216275CF00B180B3 /* KFMDestinationMap.swift in Sources */ = {isa = PBXBuildFile; fileRef = C58D9EC4216275CF00B180B3 /* KFMDestinationMap.swift */; };
		C58D9EC82162991C00B180B3 /* KFVUserInfo.swift in Sources */ = {isa = PBXBuildFile; fileRef = C58D9EC72162991C00B180B3 /* KFVUserInfo.swift */; };
		C58D9ECA21629A9A00B180B3 /* KFMUserInfo.swift in Sources */ = {isa = PBXBuildFile; fileRef = C58D9EC921629A9A00B180B3 /* KFMUserInfo.swift */; };
		C58D9ECE21635E3A00B180B3 /* PureLayout.swift in Sources */ = {isa = PBXBuildFile; fileRef = C58D9ECD21635E3A00B180B3 /* PureLayout.swift */; };
		C58D9ED0216361E800B180B3 /* Protocols.swift in Sources */ = {isa = PBXBuildFile; fileRef = C58D9ECF216361E800B180B3 /* Protocols.swift */; };
		C58D9ED22163AC3A00B180B3 /* UIStackView.swift in Sources */ = {isa = PBXBuildFile; fileRef = C58D9ED12163AC3A00B180B3 /* UIStackView.swift */; };
		C58D9ED42163AD7D00B180B3 /* KFPadding.swift in Sources */ = {isa = PBXBuildFile; fileRef = C58D9ED32163AD7D00B180B3 /* KFPadding.swift */; };
		C58D9ED62163B09300B180B3 /* UIIconView.swift in Sources */ = {isa = PBXBuildFile; fileRef = C58D9ED52163B09300B180B3 /* UIIconView.swift */; };
		C5983C1E2134643F00303ABB /* KFCOpenDonations.swift in Sources */ = {isa = PBXBuildFile; fileRef = C5983C1D2134643F00303ABB /* KFCOpenDonations.swift */; };
		C5A351DC210D0CE500A717D3 /* Assets.xcassets in Resources */ = {isa = PBXBuildFile; fileRef = C5A351DB210D0CE500A717D3 /* Assets.xcassets */; };
		C5B0E19E21501A1B00A8412C /* OpenDonationDetailedDescriptorView.swift in Sources */ = {isa = PBXBuildFile; fileRef = C5B0E19D21501A1B00A8412C /* OpenDonationDetailedDescriptorView.swift */; };
		C5B0E1A42150262B00A8412C /* ModularTableViewCell.swift in Sources */ = {isa = PBXBuildFile; fileRef = C5B0E1A32150262B00A8412C /* ModularTableViewCell.swift */; };
		C5CA7BAB210D1E2D0052D440 /* GoogleService-Info.plist in Resources */ = {isa = PBXBuildFile; fileRef = C5CA7BAA210D1E2D0052D440 /* GoogleService-Info.plist */; };
		C5CA7BAD210D24380052D440 /* User.swift in Sources */ = {isa = PBXBuildFile; fileRef = C5CA7BAC210D24380052D440 /* User.swift */; };
		C5CA7BB1210D24F50052D440 /* UserService.swift in Sources */ = {isa = PBXBuildFile; fileRef = C5CA7BB0210D24F50052D440 /* UserService.swift */; };
		C5CA7BB3210D26D00052D440 /* Constants.swift in Sources */ = {isa = PBXBuildFile; fileRef = C5CA7BB2210D26CF0052D440 /* Constants.swift */; };
		C5CA7BB5210D2B030052D440 /* StorageService.swift in Sources */ = {isa = PBXBuildFile; fileRef = C5CA7BB4210D2B030052D440 /* StorageService.swift */; };
		C5CA7BB7210D2BD80052D440 /* StorageRefence.swift in Sources */ = {isa = PBXBuildFile; fileRef = C5CA7BB6210D2BD80052D440 /* StorageRefence.swift */; };
		C5CA7BBA210D49130052D440 /* RequestService.swift in Sources */ = {isa = PBXBuildFile; fileRef = C5CA7BB9210D49130052D440 /* RequestService.swift */; };
		C5CA7BBC210D4ADF0052D440 /* PhotoHelper.swift in Sources */ = {isa = PBXBuildFile; fileRef = C5CA7BBB210D4ADF0052D440 /* PhotoHelper.swift */; };
		C5DD404D2136ED4400ECC819 /* UILabel.swift in Sources */ = {isa = PBXBuildFile; fileRef = C5DD404C2136ED4400ECC819 /* UILabel.swift */; };
		C5DD40502136EF8200ECC819 /* UITextView.swift in Sources */ = {isa = PBXBuildFile; fileRef = C5DD404F2136EF8200ECC819 /* UITextView.swift */; };
		C5DD405A2137EFA400ECC819 /* CreateDonation.storyboard in Resources */ = {isa = PBXBuildFile; fileRef = C5DD40592137EFA400ECC819 /* CreateDonation.storyboard */; };
		C5DD405F21381AD100ECC819 /* UIButton.swift in Sources */ = {isa = PBXBuildFile; fileRef = C5DD405E21381AD100ECC819 /* UIButton.swift */; };
		C5E4A35921D28C9900530C75 /* KeyboardHandler.swift in Sources */ = {isa = PBXBuildFile; fileRef = C5E4A35821D28C9800530C75 /* KeyboardHandler.swift */; };
		C5F78C83214E82DF00B5395E /* KFCVolunteerList.swift in Sources */ = {isa = PBXBuildFile; fileRef = C5F78C82214E82DF00B5395E /* KFCVolunteerList.swift */; };
		E90B2479210D8F48009B9E0B /* AppDelegate.swift in Sources */ = {isa = PBXBuildFile; fileRef = C5A351D4210D0CE500A717D3 /* AppDelegate.swift */; };
		E90B247F210E1DAE009B9E0B /* UIAlertController.swift in Sources */ = {isa = PBXBuildFile; fileRef = E90B247E210E1DAE009B9E0B /* UIAlertController.swift */; };
		E92527C721548E65004556E0 /* TwoFactorAuthService.swift in Sources */ = {isa = PBXBuildFile; fileRef = E92527C621548E65004556E0 /* TwoFactorAuthService.swift */; };
		E92527C92154A40D004556E0 /* TwoFactorAuthService+Moya.swift in Sources */ = {isa = PBXBuildFile; fileRef = E92527C82154A40D004556E0 /* TwoFactorAuthService+Moya.swift */; };
		E92994EC210D27C100A32924 /* DonationService.swift in Sources */ = {isa = PBXBuildFile; fileRef = E92994EB210D27C100A32924 /* DonationService.swift */; };
		E92994EE210D27CC00A32924 /* Donation.swift in Sources */ = {isa = PBXBuildFile; fileRef = E92994ED210D27CC00A32924 /* Donation.swift */; };
		E92994F3210D591D00A32924 /* ItemPostCell.swift in Sources */ = {isa = PBXBuildFile; fileRef = E92994F2210D591D00A32924 /* ItemPostCell.swift */; };
		E9333D1C21CB2D980031DD9F /* UniversalExtensions+Firebase.swift in Sources */ = {isa = PBXBuildFile; fileRef = E9333D1B21CB2D980031DD9F /* UniversalExtensions+Firebase.swift */; };
		E9333D1E21CB36160031DD9F /* UserReview.swift in Sources */ = {isa = PBXBuildFile; fileRef = E9333D1D21CB36160031DD9F /* UserReview.swift */; };
		E9545F2D2135190800D76C26 /* Enum+SwitchlessCases.swift in Sources */ = {isa = PBXBuildFile; fileRef = E9545F2C2135190800D76C26 /* Enum+SwitchlessCases.swift */; };
		E9545F3121351DEC00D76C26 /* Sourcery.generated.swift in Sources */ = {isa = PBXBuildFile; fileRef = E9545F3021351DEC00D76C26 /* Sourcery.generated.swift */; };
		E96F11EC21294016004D549A /* MapHelper.swift in Sources */ = {isa = PBXBuildFile; fileRef = E96F11EB21294016004D549A /* MapHelper.swift */; };
		E98036E221CACD37002344C7 /* KFCVerifyDropoffImage.xib in Resources */ = {isa = PBXBuildFile; fileRef = E98036E021CACD37002344C7 /* KFCVerifyDropoffImage.xib */; };
		E98036E321CACD37002344C7 /* KFCVerifyDropoffImage.swift in Sources */ = {isa = PBXBuildFile; fileRef = E98036E121CACD37002344C7 /* KFCVerifyDropoffImage.swift */; };
		E984502D21321E7100096E84 /* PendingDonationTableViewCell.swift in Sources */ = {isa = PBXBuildFile; fileRef = E984502C21321E7100096E84 /* PendingDonationTableViewCell.swift */; };
		E98B0038213791D6008FD75A /* Report.swift in Sources */ = {isa = PBXBuildFile; fileRef = E98B0037213791D6008FD75A /* Report.swift */; };
		E9A8906D216841A600E71E8D /* KFMWidgetDescriptor.swift in Sources */ = {isa = PBXBuildFile; fileRef = E9A8906C216841A600E71E8D /* KFMWidgetDescriptor.swift */; };
		E9B8895A217543B0004B6976 /* KFCLoading.swift in Sources */ = {isa = PBXBuildFile; fileRef = E9B88959217543B0004B6976 /* KFCLoading.swift */; };
		E9BA57A9217161F6002A1C37 /* URL.swift in Sources */ = {isa = PBXBuildFile; fileRef = E9BA57A8217161F6002A1C37 /* URL.swift */; };
		E9F4238F21CEDFB500F1DB5D /* UserDistance.swift in Sources */ = {isa = PBXBuildFile; fileRef = E9F4238E21CEDFB500F1DB5D /* UserDistance.swift */; };
/* End PBXBuildFile section */

/* Begin PBXFileReference section */
		2246EBA8F123A0E424596355 /* Pods-KifuSF.debug.xcconfig */ = {isa = PBXFileReference; includeInIndex = 1; lastKnownFileType = text.xcconfig; name = "Pods-KifuSF.debug.xcconfig"; path = "Pods/Target Support Files/Pods-KifuSF/Pods-KifuSF.debug.xcconfig"; sourceTree = "<group>"; };
		44339C36210D4C4400E6663E /* ItemPostCell.swift */ = {isa = PBXFileReference; lastKnownFileType = sourcecode.swift; path = ItemPostCell.swift; sourceTree = "<group>"; };
		44EE8F11210D88EA00F387A3 /* VolunteerCell.swift */ = {isa = PBXFileReference; lastKnownFileType = sourcecode.swift; path = VolunteerCell.swift; sourceTree = "<group>"; };
		75120AF291FB1A99E32061F5 /* Pods_KifuSF.framework */ = {isa = PBXFileReference; explicitFileType = wrapper.framework; includeInIndex = 0; path = Pods_KifuSF.framework; sourceTree = BUILT_PRODUCTS_DIR; };
		7A49CFBF213E3BDD001A48FD /* Login.storyboard */ = {isa = PBXFileReference; lastKnownFileType = file.storyboard; path = Login.storyboard; sourceTree = "<group>"; };
		7A49CFC3213E3ED6001A48FD /* TwoFactorAuthViewController.swift */ = {isa = PBXFileReference; lastKnownFileType = sourcecode.swift; path = TwoFactorAuthViewController.swift; sourceTree = "<group>"; };
		7A49CFC5213E3F04001A48FD /* CollectMissingInfoViewController.swift */ = {isa = PBXFileReference; lastKnownFileType = sourcecode.swift; path = CollectMissingInfoViewController.swift; sourceTree = "<group>"; };
		7A49CFC721434EAC001A48FD /* LoginViewController.swift */ = {isa = PBXFileReference; lastKnownFileType = sourcecode.swift; path = LoginViewController.swift; sourceTree = "<group>"; };
		7A695A0A215AE9CC00D4696D /* NotificationName.swift */ = {isa = PBXFileReference; lastKnownFileType = sourcecode.swift; path = NotificationName.swift; sourceTree = "<group>"; };
		C50182E52141B1D400257412 /* UIImage.swift */ = {isa = PBXFileReference; lastKnownFileType = sourcecode.swift; path = UIImage.swift; sourceTree = "<group>"; };
		C50182E72141B24C00257412 /* UIStoryboardSegue.swift */ = {isa = PBXFileReference; lastKnownFileType = sourcecode.swift; path = UIStoryboardSegue.swift; sourceTree = "<group>"; };
		C50182EC2142AC9A00257412 /* KFCStatus.swift */ = {isa = PBXFileReference; lastKnownFileType = sourcecode.swift; path = KFCStatus.swift; sourceTree = "<group>"; };
		C50182EF2142AD4E00257412 /* DeliveryModularTableViewController.swift */ = {isa = PBXFileReference; lastKnownFileType = sourcecode.swift; path = DeliveryModularTableViewController.swift; sourceTree = "<group>"; };
		C50182F12142AF5300257412 /* UIStoryboard.swift */ = {isa = PBXFileReference; lastKnownFileType = sourcecode.swift; path = UIStoryboard.swift; sourceTree = "<group>"; };
		C50182F52142E3F100257412 /* UIDescriptorView.swift */ = {isa = PBXFileReference; lastKnownFileType = sourcecode.swift; path = UIDescriptorView.swift; sourceTree = "<group>"; };
		C50182F92142FB1B00257412 /* UIStickyView.swift */ = {isa = PBXFileReference; lastKnownFileType = sourcecode.swift; path = UIStickyView.swift; sourceTree = "<group>"; };
		C50182FB21430FE800257412 /* KFVDonationInfo.swift */ = {isa = PBXFileReference; lastKnownFileType = sourcecode.swift; path = KFVDonationInfo.swift; sourceTree = "<group>"; };
		C50182FD2143B8F600257412 /* UIStatisticsView.swift */ = {isa = PBXFileReference; lastKnownFileType = sourcecode.swift; path = UIStatisticsView.swift; sourceTree = "<group>"; };
		C50182FF2143BBD400257412 /* KFVVolunteerInfo.swift */ = {isa = PBXFileReference; lastKnownFileType = sourcecode.swift; path = KFVVolunteerInfo.swift; sourceTree = "<group>"; };
		C501830121447B7300257412 /* KFVPendingDonation.swift */ = {isa = PBXFileReference; lastKnownFileType = sourcecode.swift; path = KFVPendingDonation.swift; sourceTree = "<group>"; };
		C501830321447FD900257412 /* KFVRoundedCell.swift */ = {isa = PBXFileReference; lastKnownFileType = sourcecode.swift; path = KFVRoundedCell.swift; sourceTree = "<group>"; };
		C50515C8213694F900718AE5 /* KFCDetailedDonation.swift */ = {isa = PBXFileReference; lastKnownFileType = sourcecode.swift; path = KFCDetailedDonation.swift; sourceTree = "<group>"; };
		C505BD782146F73A00A5195B /* KifuTabBarViewController.swift */ = {isa = PBXFileReference; lastKnownFileType = sourcecode.swift; path = KifuTabBarViewController.swift; sourceTree = "<group>"; };
		C505BD7A214700D400A5195B /* KFCTableViewWithRoundedCells.swift */ = {isa = PBXFileReference; lastKnownFileType = sourcecode.swift; path = KFCTableViewWithRoundedCells.swift; sourceTree = "<group>"; };
		C50E472C2151823D008A8C36 /* KFMOpenDonationDescriptionItem.swift */ = {isa = PBXFileReference; lastKnownFileType = sourcecode.swift; path = KFMOpenDonationDescriptionItem.swift; sourceTree = "<group>"; };
		C50E472E21518692008A8C36 /* KFMDonationInfo.swift */ = {isa = PBXFileReference; lastKnownFileType = sourcecode.swift; path = KFMDonationInfo.swift; sourceTree = "<group>"; };
		C50E4731215187C4008A8C36 /* KFMVolunteerInfo.swift */ = {isa = PBXFileReference; lastKnownFileType = sourcecode.swift; path = KFMVolunteerInfo.swift; sourceTree = "<group>"; };
		C50E473421518977008A8C36 /* KFMPendingDonation.swift */ = {isa = PBXFileReference; lastKnownFileType = sourcecode.swift; path = KFMPendingDonation.swift; sourceTree = "<group>"; };
		C515B22F2175257100051FFD /* AuthenticationServices.framework */ = {isa = PBXFileReference; lastKnownFileType = wrapper.framework; name = AuthenticationServices.framework; path = System/Library/Frameworks/AuthenticationServices.framework; sourceTree = SDKROOT; };
		C5231EF121DD63A1001D9A7D /* SettingsViewController.swift */ = {isa = PBXFileReference; lastKnownFileType = sourcecode.swift; path = SettingsViewController.swift; sourceTree = "<group>"; };
		C5231EF721DEB620001D9A7D /* SFSafariViewController.swift */ = {isa = PBXFileReference; lastKnownFileType = sourcecode.swift; path = SFSafariViewController.swift; sourceTree = "<group>"; };
		C5231EFA21DEB9EE001D9A7D /* WebsiteModel.swift */ = {isa = PBXFileReference; lastKnownFileType = sourcecode.swift; path = WebsiteModel.swift; sourceTree = "<group>"; };
		C5231EFC21DEBAA9001D9A7D /* SettingsItem.swift */ = {isa = PBXFileReference; lastKnownFileType = sourcecode.swift; path = SettingsItem.swift; sourceTree = "<group>"; };
		C5231EFE21DF82C1001D9A7D /* MailComposerModel.swift */ = {isa = PBXFileReference; lastKnownFileType = sourcecode.swift; path = MailComposerModel.swift; sourceTree = "<group>"; };
		C5231F0021DF9550001D9A7D /* InformationModel.swift */ = {isa = PBXFileReference; lastKnownFileType = sourcecode.swift; path = InformationModel.swift; sourceTree = "<group>"; };
		C5231F0221DFC56F001D9A7D /* ModularTableViewItem.swift */ = {isa = PBXFileReference; lastKnownFileType = sourcecode.swift; path = ModularTableViewItem.swift; sourceTree = "<group>"; };
		C52B1A4121CE830600839B38 /* KifuSF.entitlements */ = {isa = PBXFileReference; lastKnownFileType = text.plist.entitlements; path = KifuSF.entitlements; sourceTree = "<group>"; };
		C53D92B72171E42500AE3882 /* LoginViewController.swift */ = {isa = PBXFileReference; lastKnownFileType = sourcecode.swift; path = LoginViewController.swift; sourceTree = "<group>"; };
		C53D92B92171E46700AE3882 /* UIViewController.swift */ = {isa = PBXFileReference; lastKnownFileType = sourcecode.swift; path = UIViewController.swift; sourceTree = "<group>"; };
		C53D92BB21724B2900AE3882 /* UITextFieldContainer.swift */ = {isa = PBXFileReference; lastKnownFileType = sourcecode.swift; path = UITextFieldContainer.swift; sourceTree = "<group>"; };
		C53D92BD217341FB00AE3882 /* UIScrollView.swift */ = {isa = PBXFileReference; lastKnownFileType = sourcecode.swift; path = UIScrollView.swift; sourceTree = "<group>"; };
		C53D92BF2173438300AE3882 /* UIImageView.swift */ = {isa = PBXFileReference; lastKnownFileType = sourcecode.swift; path = UIImageView.swift; sourceTree = "<group>"; };
		C53D92C121735F4600AE3882 /* KFCLocationServiceDisclaimer.swift */ = {isa = PBXFileReference; lastKnownFileType = sourcecode.swift; path = KFCLocationServiceDisclaimer.swift; sourceTree = "<group>"; };
		C53D92C321736C4400AE3882 /* KFCPhoneNumberValidation.swift */ = {isa = PBXFileReference; lastKnownFileType = sourcecode.swift; path = KFCPhoneNumberValidation.swift; sourceTree = "<group>"; };
		C53D92C521738F0C00AE3882 /* KFCFlagging.swift */ = {isa = PBXFileReference; lastKnownFileType = sourcecode.swift; path = KFCFlagging.swift; sourceTree = "<group>"; };
		C541E60221D66E9A0024E437 /* VerifyDropoffViewController.swift */ = {isa = PBXFileReference; lastKnownFileType = sourcecode.swift; path = VerifyDropoffViewController.swift; sourceTree = "<group>"; };
		C541E60621D76DB90024E437 /* ReviewCollaboratorViewController.swift */ = {isa = PBXFileReference; lastKnownFileType = sourcecode.swift; path = ReviewCollaboratorViewController.swift; sourceTree = "<group>"; };
		C541E60821D77C6F0024E437 /* ReviewCollaboratorDescriptorView.swift */ = {isa = PBXFileReference; lastKnownFileType = sourcecode.swift; path = ReviewCollaboratorDescriptorView.swift; sourceTree = "<group>"; };
		C541E60E21D7D53D0024E437 /* SlideView.swift */ = {isa = PBXFileReference; lastKnownFileType = sourcecode.swift; path = SlideView.swift; sourceTree = "<group>"; };
		C541E61021D7D7A00024E437 /* TutorialViewController.swift */ = {isa = PBXFileReference; lastKnownFileType = sourcecode.swift; path = TutorialViewController.swift; sourceTree = "<group>"; };
		C54284152152BFAD00373586 /* KFCDonation.swift */ = {isa = PBXFileReference; lastKnownFileType = sourcecode.swift; path = KFCDonation.swift; sourceTree = "<group>"; };
		C5475D0621541FF1006BA324 /* KFVProgress.swift */ = {isa = PBXFileReference; lastKnownFileType = sourcecode.swift; path = KFVProgress.swift; sourceTree = "<group>"; };
		C5475D0821542084006BA324 /* KFVProgress.xib */ = {isa = PBXFileReference; lastKnownFileType = file.xib; path = KFVProgress.xib; sourceTree = "<group>"; };
		C5475D0B21542796006BA324 /* KFMProgress.swift */ = {isa = PBXFileReference; lastKnownFileType = sourcecode.swift; path = KFMProgress.swift; sourceTree = "<group>"; };
		C5475D0E21556ADB006BA324 /* KFVInProgressDonationDescription.swift */ = {isa = PBXFileReference; lastKnownFileType = sourcecode.swift; path = KFVInProgressDonationDescription.swift; sourceTree = "<group>"; };
		C5475D1021556EA1006BA324 /* KFMInProgressDonationDescription.swift */ = {isa = PBXFileReference; lastKnownFileType = sourcecode.swift; path = KFMInProgressDonationDescription.swift; sourceTree = "<group>"; };
		C54FDBD72141756000BC89B8 /* UITableView.swift */ = {isa = PBXFileReference; lastKnownFileType = sourcecode.swift; path = UITableView.swift; sourceTree = "<group>"; };
		C54FDBE0214199B800BC89B8 /* KFPWidgetInfo.swift */ = {isa = PBXFileReference; lastKnownFileType = sourcecode.swift; path = KFPWidgetInfo.swift; sourceTree = "<group>"; };
		C54FDBEA2141A7C700BC89B8 /* KFCPendingDonations.swift */ = {isa = PBXFileReference; lastKnownFileType = sourcecode.swift; path = KFCPendingDonations.swift; sourceTree = "<group>"; };
		C552162F21DFCCD7005D85F0 /* ModularTableViewController.swift */ = {isa = PBXFileReference; fileEncoding = 4; lastKnownFileType = sourcecode.swift; path = ModularTableViewController.swift; sourceTree = "<group>"; };
		C555F8F321766897000CC299 /* UIWindow.swift */ = {isa = PBXFileReference; lastKnownFileType = sourcecode.swift; path = UIWindow.swift; sourceTree = "<group>"; };
		C560B7E62134732B008A9DF1 /* UIFont.swift */ = {isa = PBXFileReference; lastKnownFileType = sourcecode.swift; path = UIFont.swift; sourceTree = "<group>"; };
		C560B7EA21353623008A9DF1 /* CALayer.swift */ = {isa = PBXFileReference; lastKnownFileType = sourcecode.swift; path = CALayer.swift; sourceTree = "<group>"; };
		C560B7EE213579F1008A9DF1 /* KFVWidget.swift */ = {isa = PBXFileReference; lastKnownFileType = sourcecode.swift; path = KFVWidget.swift; sourceTree = "<group>"; };
		C5641879216A089F00664DDB /* RegisterFormViewController.swift */ = {isa = PBXFileReference; lastKnownFileType = sourcecode.swift; path = RegisterFormViewController.swift; sourceTree = "<group>"; };
		C564187B216A456400664DDB /* FrontPageViewController.swift */ = {isa = PBXFileReference; lastKnownFileType = sourcecode.swift; path = FrontPageViewController.swift; sourceTree = "<group>"; };
		C564187D216A86BA00664DDB /* UIColor.swift */ = {isa = PBXFileReference; fileEncoding = 4; lastKnownFileType = sourcecode.swift; path = UIColor.swift; sourceTree = "<group>"; };
		C564187F216A872B00664DDB /* KeyedProperties.stencil */ = {isa = PBXFileReference; fileEncoding = 4; lastKnownFileType = text; path = KeyedProperties.stencil; sourceTree = "<group>"; };
		C576EFDD21C66A0D00F96922 /* Notification.swift */ = {isa = PBXFileReference; lastKnownFileType = sourcecode.swift; path = Notification.swift; sourceTree = "<group>"; };
		C576EFE721C7AE0600F96922 /* CreateDonationViewController.swift */ = {isa = PBXFileReference; lastKnownFileType = sourcecode.swift; path = CreateDonationViewController.swift; sourceTree = "<group>"; };
		C576EFE921C7AE9400F96922 /* UIGroupView.swift */ = {isa = PBXFileReference; lastKnownFileType = sourcecode.swift; path = UIGroupView.swift; sourceTree = "<group>"; };
		C576EFEB21C7EAA000F96922 /* UIScrollableViewController.swift */ = {isa = PBXFileReference; lastKnownFileType = sourcecode.swift; path = UIScrollableViewController.swift; sourceTree = "<group>"; };
		C576EFED21C82A4E00F96922 /* String.swift */ = {isa = PBXFileReference; lastKnownFileType = sourcecode.swift; path = String.swift; sourceTree = "<group>"; };
		C58B05D1213DBD380086124B /* UIView.swift */ = {isa = PBXFileReference; lastKnownFileType = sourcecode.swift; path = UIView.swift; sourceTree = "<group>"; };
		C58D9EB1215E0FC800B180B3 /* KFVEntityInfo.swift */ = {isa = PBXFileReference; lastKnownFileType = sourcecode.swift; path = KFVEntityInfo.swift; sourceTree = "<group>"; };
		C58D9EB3215E137A00B180B3 /* KFMEntityInfo.swift */ = {isa = PBXFileReference; lastKnownFileType = sourcecode.swift; path = KFMEntityInfo.swift; sourceTree = "<group>"; };
		C58D9EB6215E209C00B180B3 /* CollaboratorDescriptorView.swift */ = {isa = PBXFileReference; lastKnownFileType = sourcecode.swift; path = CollaboratorDescriptorView.swift; sourceTree = "<group>"; };
		C58D9EB8215E20A500B180B3 /* KFMCollaboratorInfo.swift */ = {isa = PBXFileReference; lastKnownFileType = sourcecode.swift; path = KFMCollaboratorInfo.swift; sourceTree = "<group>"; };
		C58D9EBC216008D900B180B3 /* UIAnimatedButton.swift */ = {isa = PBXFileReference; fileEncoding = 4; lastKnownFileType = sourcecode.swift; path = UIAnimatedButton.swift; sourceTree = "<group>"; };
		C58D9EBF216264FF00B180B3 /* KFCLeaderboard.swift */ = {isa = PBXFileReference; lastKnownFileType = sourcecode.swift; path = KFCLeaderboard.swift; sourceTree = "<group>"; };
		C58D9EC22162752A00B180B3 /* KFVDestinationMap.swift */ = {isa = PBXFileReference; lastKnownFileType = sourcecode.swift; path = KFVDestinationMap.swift; sourceTree = "<group>"; };
		C58D9EC4216275CF00B180B3 /* KFMDestinationMap.swift */ = {isa = PBXFileReference; lastKnownFileType = sourcecode.swift; path = KFMDestinationMap.swift; sourceTree = "<group>"; };
		C58D9EC72162991C00B180B3 /* KFVUserInfo.swift */ = {isa = PBXFileReference; lastKnownFileType = sourcecode.swift; path = KFVUserInfo.swift; sourceTree = "<group>"; };
		C58D9EC921629A9A00B180B3 /* KFMUserInfo.swift */ = {isa = PBXFileReference; lastKnownFileType = sourcecode.swift; path = KFMUserInfo.swift; sourceTree = "<group>"; };
		C58D9ECD21635E3A00B180B3 /* PureLayout.swift */ = {isa = PBXFileReference; lastKnownFileType = sourcecode.swift; path = PureLayout.swift; sourceTree = "<group>"; };
		C58D9ECF216361E800B180B3 /* Protocols.swift */ = {isa = PBXFileReference; lastKnownFileType = sourcecode.swift; path = Protocols.swift; sourceTree = "<group>"; };
		C58D9ED12163AC3A00B180B3 /* UIStackView.swift */ = {isa = PBXFileReference; lastKnownFileType = sourcecode.swift; path = UIStackView.swift; sourceTree = "<group>"; };
		C58D9ED32163AD7D00B180B3 /* KFPadding.swift */ = {isa = PBXFileReference; lastKnownFileType = sourcecode.swift; path = KFPadding.swift; sourceTree = "<group>"; };
		C58D9ED52163B09300B180B3 /* UIIconView.swift */ = {isa = PBXFileReference; lastKnownFileType = sourcecode.swift; path = UIIconView.swift; sourceTree = "<group>"; };
		C5983C1D2134643F00303ABB /* KFCOpenDonations.swift */ = {isa = PBXFileReference; lastKnownFileType = sourcecode.swift; path = KFCOpenDonations.swift; sourceTree = "<group>"; };
		C5A351D1210D0CE500A717D3 /* KifuSF.app */ = {isa = PBXFileReference; explicitFileType = wrapper.application; includeInIndex = 0; path = KifuSF.app; sourceTree = BUILT_PRODUCTS_DIR; };
		C5A351D4210D0CE500A717D3 /* AppDelegate.swift */ = {isa = PBXFileReference; lastKnownFileType = sourcecode.swift; path = AppDelegate.swift; sourceTree = "<group>"; };
		C5A351DB210D0CE500A717D3 /* Assets.xcassets */ = {isa = PBXFileReference; lastKnownFileType = folder.assetcatalog; path = Assets.xcassets; sourceTree = "<group>"; };
		C5A351DE210D0CE500A717D3 /* Base */ = {isa = PBXFileReference; lastKnownFileType = file.storyboard; name = Base; path = Base.lproj/LaunchScreen.storyboard; sourceTree = "<group>"; };
		C5A351E0210D0CE500A717D3 /* Info.plist */ = {isa = PBXFileReference; lastKnownFileType = text.plist.xml; path = Info.plist; sourceTree = "<group>"; };
		C5B0E19D21501A1B00A8412C /* OpenDonationDetailedDescriptorView.swift */ = {isa = PBXFileReference; lastKnownFileType = sourcecode.swift; path = OpenDonationDetailedDescriptorView.swift; sourceTree = "<group>"; };
		C5B0E1A32150262B00A8412C /* ModularTableViewCell.swift */ = {isa = PBXFileReference; lastKnownFileType = sourcecode.swift; path = ModularTableViewCell.swift; sourceTree = "<group>"; };
		C5CA7BAA210D1E2D0052D440 /* GoogleService-Info.plist */ = {isa = PBXFileReference; fileEncoding = 4; lastKnownFileType = text.plist.xml; path = "GoogleService-Info.plist"; sourceTree = "<group>"; };
		C5CA7BAC210D24380052D440 /* User.swift */ = {isa = PBXFileReference; lastKnownFileType = sourcecode.swift; path = User.swift; sourceTree = "<group>"; };
		C5CA7BB0210D24F50052D440 /* UserService.swift */ = {isa = PBXFileReference; lastKnownFileType = sourcecode.swift; path = UserService.swift; sourceTree = "<group>"; };
		C5CA7BB2210D26CF0052D440 /* Constants.swift */ = {isa = PBXFileReference; lastKnownFileType = sourcecode.swift; path = Constants.swift; sourceTree = "<group>"; };
		C5CA7BB4210D2B030052D440 /* StorageService.swift */ = {isa = PBXFileReference; lastKnownFileType = sourcecode.swift; path = StorageService.swift; sourceTree = "<group>"; };
		C5CA7BB6210D2BD80052D440 /* StorageRefence.swift */ = {isa = PBXFileReference; lastKnownFileType = sourcecode.swift; path = StorageRefence.swift; sourceTree = "<group>"; };
		C5CA7BB9210D49130052D440 /* RequestService.swift */ = {isa = PBXFileReference; lastKnownFileType = sourcecode.swift; path = RequestService.swift; sourceTree = "<group>"; };
		C5CA7BBB210D4ADF0052D440 /* PhotoHelper.swift */ = {isa = PBXFileReference; fileEncoding = 4; lastKnownFileType = sourcecode.swift; path = PhotoHelper.swift; sourceTree = "<group>"; };
		C5DD404C2136ED4400ECC819 /* UILabel.swift */ = {isa = PBXFileReference; lastKnownFileType = sourcecode.swift; path = UILabel.swift; sourceTree = "<group>"; };
		C5DD404F2136EF8200ECC819 /* UITextView.swift */ = {isa = PBXFileReference; lastKnownFileType = sourcecode.swift; path = UITextView.swift; sourceTree = "<group>"; };
		C5DD40592137EFA400ECC819 /* CreateDonation.storyboard */ = {isa = PBXFileReference; lastKnownFileType = file.storyboard; path = CreateDonation.storyboard; sourceTree = "<group>"; };
		C5DD405E21381AD100ECC819 /* UIButton.swift */ = {isa = PBXFileReference; lastKnownFileType = sourcecode.swift; path = UIButton.swift; sourceTree = "<group>"; };
		C5DD406021382C5000ECC819 /* UITextField.swift */ = {isa = PBXFileReference; lastKnownFileType = sourcecode.swift; path = UITextField.swift; sourceTree = "<group>"; };
		C5E4A35821D28C9800530C75 /* KeyboardHandler.swift */ = {isa = PBXFileReference; lastKnownFileType = sourcecode.swift; path = KeyboardHandler.swift; sourceTree = "<group>"; };
		C5F78C82214E82DF00B5395E /* KFCVolunteerList.swift */ = {isa = PBXFileReference; lastKnownFileType = sourcecode.swift; path = KFCVolunteerList.swift; sourceTree = "<group>"; };
		E90B247E210E1DAE009B9E0B /* UIAlertController.swift */ = {isa = PBXFileReference; lastKnownFileType = sourcecode.swift; path = UIAlertController.swift; sourceTree = "<group>"; };
		E92527C621548E65004556E0 /* TwoFactorAuthService.swift */ = {isa = PBXFileReference; lastKnownFileType = sourcecode.swift; path = TwoFactorAuthService.swift; sourceTree = "<group>"; };
		E92527C82154A40D004556E0 /* TwoFactorAuthService+Moya.swift */ = {isa = PBXFileReference; lastKnownFileType = sourcecode.swift; path = "TwoFactorAuthService+Moya.swift"; sourceTree = "<group>"; };
		E92994EB210D27C100A32924 /* DonationService.swift */ = {isa = PBXFileReference; lastKnownFileType = sourcecode.swift; path = DonationService.swift; sourceTree = "<group>"; };
		E92994ED210D27CC00A32924 /* Donation.swift */ = {isa = PBXFileReference; lastKnownFileType = sourcecode.swift; path = Donation.swift; sourceTree = "<group>"; };
		E92994F2210D591D00A32924 /* ItemPostCell.swift */ = {isa = PBXFileReference; fileEncoding = 4; lastKnownFileType = sourcecode.swift; path = ItemPostCell.swift; sourceTree = "<group>"; };
		E9333D1B21CB2D980031DD9F /* UniversalExtensions+Firebase.swift */ = {isa = PBXFileReference; fileEncoding = 4; lastKnownFileType = sourcecode.swift; path = "UniversalExtensions+Firebase.swift"; sourceTree = "<group>"; };
		E9333D1D21CB36160031DD9F /* UserReview.swift */ = {isa = PBXFileReference; lastKnownFileType = sourcecode.swift; path = UserReview.swift; sourceTree = "<group>"; };
		E9439F7121350F0600261370 /* CasableVars.stencil */ = {isa = PBXFileReference; lastKnownFileType = text; path = CasableVars.stencil; sourceTree = "<group>"; };
		E9545F2C2135190800D76C26 /* Enum+SwitchlessCases.swift */ = {isa = PBXFileReference; fileEncoding = 4; lastKnownFileType = sourcecode.swift; path = "Enum+SwitchlessCases.swift"; sourceTree = "<group>"; };
		E9545F3021351DEC00D76C26 /* Sourcery.generated.swift */ = {isa = PBXFileReference; fileEncoding = 4; lastKnownFileType = sourcecode.swift; path = Sourcery.generated.swift; sourceTree = "<group>"; };
		E96F11EB21294016004D549A /* MapHelper.swift */ = {isa = PBXFileReference; lastKnownFileType = sourcecode.swift; path = MapHelper.swift; sourceTree = "<group>"; };
		E98036E021CACD37002344C7 /* KFCVerifyDropoffImage.xib */ = {isa = PBXFileReference; fileEncoding = 4; lastKnownFileType = file.xib; path = KFCVerifyDropoffImage.xib; sourceTree = "<group>"; };
		E98036E121CACD37002344C7 /* KFCVerifyDropoffImage.swift */ = {isa = PBXFileReference; fileEncoding = 4; lastKnownFileType = sourcecode.swift; path = KFCVerifyDropoffImage.swift; sourceTree = "<group>"; };
		E984502C21321E7100096E84 /* PendingDonationTableViewCell.swift */ = {isa = PBXFileReference; lastKnownFileType = sourcecode.swift; path = PendingDonationTableViewCell.swift; sourceTree = "<group>"; };
		E98B003521378F68008FD75A /* ReportingService.swift */ = {isa = PBXFileReference; lastKnownFileType = sourcecode.swift; path = ReportingService.swift; sourceTree = "<group>"; };
		E98B0037213791D6008FD75A /* Report.swift */ = {isa = PBXFileReference; lastKnownFileType = sourcecode.swift; path = Report.swift; sourceTree = "<group>"; };
		E98B00392137946D008FD75A /* KeyedProperties.stencil */ = {isa = PBXFileReference; lastKnownFileType = text; path = KeyedProperties.stencil; sourceTree = "<group>"; };
		E9A8906C216841A600E71E8D /* KFMWidgetDescriptor.swift */ = {isa = PBXFileReference; lastKnownFileType = sourcecode.swift; path = KFMWidgetDescriptor.swift; sourceTree = "<group>"; };
		E9B88959217543B0004B6976 /* KFCLoading.swift */ = {isa = PBXFileReference; lastKnownFileType = sourcecode.swift; path = KFCLoading.swift; sourceTree = "<group>"; };
		E9BA57A8217161F6002A1C37 /* URL.swift */ = {isa = PBXFileReference; lastKnownFileType = sourcecode.swift; path = URL.swift; sourceTree = "<group>"; };
		E9F4238E21CEDFB500F1DB5D /* UserDistance.swift */ = {isa = PBXFileReference; lastKnownFileType = sourcecode.swift; path = UserDistance.swift; sourceTree = "<group>"; };
		F635C86907ADA56FDC08B3BE /* Pods-KifuSF.release.xcconfig */ = {isa = PBXFileReference; includeInIndex = 1; lastKnownFileType = text.xcconfig; name = "Pods-KifuSF.release.xcconfig"; path = "Pods/Target Support Files/Pods-KifuSF/Pods-KifuSF.release.xcconfig"; sourceTree = "<group>"; };
/* End PBXFileReference section */

/* Begin PBXFrameworksBuildPhase section */
		C5A351CE210D0CE500A717D3 /* Frameworks */ = {
			isa = PBXFrameworksBuildPhase;
			buildActionMask = 2147483647;
			files = (
				C515B2302175257100051FFD /* AuthenticationServices.framework in Frameworks */,
				ACD763F3135C5C1DBAD3E706 /* Pods_KifuSF.framework in Frameworks */,
			);
			runOnlyForDeploymentPostprocessing = 0;
		};
/* End PBXFrameworksBuildPhase section */

/* Begin PBXGroup section */
		6153AE97C5F4F481B572AF2D /* Frameworks */ = {
			isa = PBXGroup;
			children = (
				C515B22F2175257100051FFD /* AuthenticationServices.framework */,
				75120AF291FB1A99E32061F5 /* Pods_KifuSF.framework */,
			);
			name = Frameworks;
			sourceTree = "<group>";
		};
		C50182EE2142ACA600257412 /* Status Tab */ = {
			isa = PBXGroup;
			children = (
				C50182EC2142AC9A00257412 /* KFCStatus.swift */,
				C50182EF2142AD4E00257412 /* DeliveryModularTableViewController.swift */,
				C5475D0D21556ABD006BA324 /* KFInProgressDonationDescription */,
				C54284152152BFAD00373586 /* KFCDonation.swift */,
				E98036DF21CACD2C002344C7 /* VerifyDropoffImage */,
				C5475D0A215426DC006BA324 /* KFProgress */,
				C58D9EB0215E0EEA00B180B3 /* KFEntityInfo */,
				C58D9EB5215E208000B180B3 /* KFCollaboratorInfo */,
				C58D9EC1216274E100B180B3 /* DestinationMapView */,
				C541E60221D66E9A0024E437 /* VerifyDropoffViewController.swift */,
				C541E60C21D7A80C0024E437 /* ReviewCollaborator */,
			);
			name = "Status Tab";
			sourceTree = "<group>";
		};
		C50E472721517D4E008A8C36 /* Leaderboard Tab */ = {
			isa = PBXGroup;
			children = (
				C58D9EBF216264FF00B180B3 /* KFCLeaderboard.swift */,
				C58D9EC62162990400B180B3 /* KFUserInfo */,
			);
			name = "Leaderboard Tab";
			sourceTree = "<group>";
		};
		C50E472B21518228008A8C36 /* KFOpenDonationDescription */ = {
			isa = PBXGroup;
			children = (
				C5B0E19D21501A1B00A8412C /* OpenDonationDetailedDescriptorView.swift */,
				C50E472C2151823D008A8C36 /* KFMOpenDonationDescriptionItem.swift */,
			);
			name = KFOpenDonationDescription;
			sourceTree = "<group>";
		};
		C50E473021518696008A8C36 /* KFDonationInfo */ = {
			isa = PBXGroup;
			children = (
				C50182FB21430FE800257412 /* KFVDonationInfo.swift */,
				C50E472E21518692008A8C36 /* KFMDonationInfo.swift */,
			);
			name = KFDonationInfo;
			sourceTree = "<group>";
		};
		C50E473321518874008A8C36 /* KFVolunteerInfo */ = {
			isa = PBXGroup;
			children = (
				C50182FF2143BBD400257412 /* KFVVolunteerInfo.swift */,
				C50E4731215187C4008A8C36 /* KFMVolunteerInfo.swift */,
			);
			name = KFVolunteerInfo;
			sourceTree = "<group>";
		};
		C50E473621518A12008A8C36 /* KFPendingDonation */ = {
			isa = PBXGroup;
			children = (
				C501830121447B7300257412 /* KFVPendingDonation.swift */,
				C50E473421518977008A8C36 /* KFMPendingDonation.swift */,
			);
			name = KFPendingDonation;
			sourceTree = "<group>";
		};
		C510A4DB21359EDD00E8FC78 /* CustomUI */ = {
			isa = PBXGroup;
			children = (
				C54FDBD421402A0900BC89B8 /* KFWidget */,
				C5B0E1A62150264300A8412C /* KFRoundedTable */,
				C5B0E1A52150263100A8412C /* KFModularTable */,
				C505BD782146F73A00A5195B /* KifuTabBarViewController.swift */,
				C50182F92142FB1B00257412 /* UIStickyView.swift */,
				C58D9ED52163B09300B180B3 /* UIIconView.swift */,
				C50182FD2143B8F600257412 /* UIStatisticsView.swift */,
				C50182F52142E3F100257412 /* UIDescriptorView.swift */,
				C58D9EBC216008D900B180B3 /* UIAnimatedButton.swift */,
				C53D92BB21724B2900AE3882 /* UITextFieldContainer.swift */,
				C576EFE921C7AE9400F96922 /* UIGroupView.swift */,
				C576EFEB21C7EAA000F96922 /* UIScrollableViewController.swift */,
			);
			name = CustomUI;
			sourceTree = "<group>";
		};
		C5231EF921DEB65C001D9A7D /* Settings */ = {
			isa = PBXGroup;
			children = (
				C5231EF121DD63A1001D9A7D /* SettingsViewController.swift */,
				C5231EFA21DEB9EE001D9A7D /* WebsiteModel.swift */,
				C5231EFE21DF82C1001D9A7D /* MailComposerModel.swift */,
				C5231F0021DF9550001D9A7D /* InformationModel.swift */,
				C5231EFC21DEBAA9001D9A7D /* SettingsItem.swift */,
			);
			name = Settings;
			sourceTree = "<group>";
		};
		C541E60C21D7A80C0024E437 /* ReviewCollaborator */ = {
			isa = PBXGroup;
			children = (
				C541E60621D76DB90024E437 /* ReviewCollaboratorViewController.swift */,
				C541E60821D77C6F0024E437 /* ReviewCollaboratorDescriptorView.swift */,
			);
			name = ReviewCollaborator;
			sourceTree = "<group>";
		};
		C541E60D21D7D52B0024E437 /* Tutorial */ = {
			isa = PBXGroup;
			children = (
				C541E60E21D7D53D0024E437 /* SlideView.swift */,
				C541E61021D7D7A00024E437 /* TutorialViewController.swift */,
			);
			name = Tutorial;
			sourceTree = "<group>";
		};
		C5475D0A215426DC006BA324 /* KFProgress */ = {
			isa = PBXGroup;
			children = (
				C5475D0621541FF1006BA324 /* KFVProgress.swift */,
				C5475D0B21542796006BA324 /* KFMProgress.swift */,
				C5475D0821542084006BA324 /* KFVProgress.xib */,
			);
			name = KFProgress;
			sourceTree = "<group>";
		};
		C5475D0D21556ABD006BA324 /* KFInProgressDonationDescription */ = {
			isa = PBXGroup;
			children = (
				C5475D0E21556ADB006BA324 /* KFVInProgressDonationDescription.swift */,
				C5475D1021556EA1006BA324 /* KFMInProgressDonationDescription.swift */,
			);
			name = KFInProgressDonationDescription;
			sourceTree = "<group>";
		};
		C54FDBD421402A0900BC89B8 /* KFWidget */ = {
			isa = PBXGroup;
			children = (
				C560B7EE213579F1008A9DF1 /* KFVWidget.swift */,
				C54FDBE0214199B800BC89B8 /* KFPWidgetInfo.swift */,
			);
			name = KFWidget;
			sourceTree = "<group>";
		};
		C54FDBEC2141A7D000BC89B8 /* PendingDonations */ = {
			isa = PBXGroup;
			children = (
				C54FDBEA2141A7C700BC89B8 /* KFCPendingDonations.swift */,
				C50E473621518A12008A8C36 /* KFPendingDonation */,
			);
			name = PendingDonations;
			sourceTree = "<group>";
		};
		C560B7E321346AA0008A9DF1 /* Storyboards */ = {
			isa = PBXGroup;
			children = (
				C5A351DD210D0CE500A717D3 /* LaunchScreen.storyboard */,
			);
			name = Storyboards;
			sourceTree = "<group>";
		};
		C564185A2169FE2400664DDB /* OnBoarding Screens */ = {
			isa = PBXGroup;
			children = (
				C564187B216A456400664DDB /* FrontPageViewController.swift */,
				C5641879216A089F00664DDB /* RegisterFormViewController.swift */,
				C53D92B72171E42500AE3882 /* LoginViewController.swift */,
				C53D92C321736C4400AE3882 /* KFCPhoneNumberValidation.swift */,
				C53D92C121735F4600AE3882 /* KFCLocationServiceDisclaimer.swift */,
				C541E60D21D7D52B0024E437 /* Tutorial */,
			);
			name = "OnBoarding Screens";
			sourceTree = "<group>";
		};
		C58D9EB0215E0EEA00B180B3 /* KFEntityInfo */ = {
			isa = PBXGroup;
			children = (
				C58D9EB1215E0FC800B180B3 /* KFVEntityInfo.swift */,
				C58D9EB3215E137A00B180B3 /* KFMEntityInfo.swift */,
			);
			name = KFEntityInfo;
			sourceTree = "<group>";
		};
		C58D9EB5215E208000B180B3 /* KFCollaboratorInfo */ = {
			isa = PBXGroup;
			children = (
				C58D9EB6215E209C00B180B3 /* CollaboratorDescriptorView.swift */,
				C58D9EB8215E20A500B180B3 /* KFMCollaboratorInfo.swift */,
			);
			name = KFCollaboratorInfo;
			sourceTree = "<group>";
		};
		C58D9EC1216274E100B180B3 /* DestinationMapView */ = {
			isa = PBXGroup;
			children = (
				C58D9EC22162752A00B180B3 /* KFVDestinationMap.swift */,
				C58D9EC4216275CF00B180B3 /* KFMDestinationMap.swift */,
			);
			name = DestinationMapView;
			sourceTree = "<group>";
		};
		C58D9EC62162990400B180B3 /* KFUserInfo */ = {
			isa = PBXGroup;
			children = (
				C58D9EC72162991C00B180B3 /* KFVUserInfo.swift */,
				C58D9EC921629A9A00B180B3 /* KFMUserInfo.swift */,
			);
			name = KFUserInfo;
			sourceTree = "<group>";
		};
		C5983C1F2134644A00303ABB /* Home Tab */ = {
			isa = PBXGroup;
			children = (
				C5B0E19F21501A4D00A8412C /* OpenDonations */,
				C5B0E1A721502D9700A8412C /* DetailedOpenDonation */,
				C576EFE721C7AE0600F96922 /* CreateDonationViewController.swift */,
			);
			name = "Home Tab";
			sourceTree = "<group>";
		};
		C5A351C8210D0CE500A717D3 = {
			isa = PBXGroup;
			children = (
				C5A351D3210D0CE500A717D3 /* KifuSF */,
				E9439F7021350F0600261370 /* Templates */,
				C5A351D2210D0CE500A717D3 /* Products */,
				ED844B4CC71267B714B5E09C /* Pods */,
				6153AE97C5F4F481B572AF2D /* Frameworks */,
				E92994F1210D58C700A32924 /* Recovered References */,
			);
			sourceTree = "<group>";
		};
		C5A351D2210D0CE500A717D3 /* Products */ = {
			isa = PBXGroup;
			children = (
				C5A351D1210D0CE500A717D3 /* KifuSF.app */,
			);
			name = Products;
			sourceTree = "<group>";
		};
		C5A351D3210D0CE500A717D3 /* KifuSF */ = {
			isa = PBXGroup;
			children = (
				C52B1A4121CE830600839B38 /* KifuSF.entitlements */,
				C5B0E1A021501A6700A8412C /* Junk */,
				C510A4DB21359EDD00E8FC78 /* CustomUI */,
				C5CA7BAF210D24CF0052D440 /* Services */,
				C5A351E9210D0E0200A717D3 /* Views */,
				C560B7E321346AA0008A9DF1 /* Storyboards */,
				C5A351ED210D0E5100A717D3 /* Supporting Files */,
				C5A351EC210D0E4900A717D3 /* Extensions */,
				C5A351EB210D0E2600A717D3 /* Helpers */,
				C5A351EA210D0E1600A717D3 /* Screens */,
				C5A351E6210D0DAD00A717D3 /* Models */,
				C5A351DB210D0CE500A717D3 /* Assets.xcassets */,
			);
			path = KifuSF;
			sourceTree = "<group>";
		};
		C5A351E6210D0DAD00A717D3 /* Models */ = {
			isa = PBXGroup;
			children = (
				C5CA7BAC210D24380052D440 /* User.swift */,
				E9333D1D21CB36160031DD9F /* UserReview.swift */,
				E92994ED210D27CC00A32924 /* Donation.swift */,
				E98B0037213791D6008FD75A /* Report.swift */,
				E9A8906C216841A600E71E8D /* KFMWidgetDescriptor.swift */,
			);
			name = Models;
			sourceTree = "<group>";
		};
		C5A351E9210D0E0200A717D3 /* Views */ = {
			isa = PBXGroup;
			children = (
				E92994F2210D591D00A32924 /* ItemPostCell.swift */,
				E984502C21321E7100096E84 /* PendingDonationTableViewCell.swift */,
				44EE8F11210D88EA00F387A3 /* VolunteerCell.swift */,
			);
			name = Views;
			sourceTree = "<group>";
		};
		C5A351EA210D0E1600A717D3 /* Screens */ = {
			isa = PBXGroup;
			children = (
				C564185A2169FE2400664DDB /* OnBoarding Screens */,
				C5983C1F2134644A00303ABB /* Home Tab */,
				C50182EE2142ACA600257412 /* Status Tab */,
				C50E472721517D4E008A8C36 /* Leaderboard Tab */,
				C54FDBEC2141A7D000BC89B8 /* PendingDonations */,
				C5F78C84214E82F900B5395E /* VolunteerList */,
				E9B88959217543B0004B6976 /* KFCLoading.swift */,
				C53D92C521738F0C00AE3882 /* KFCFlagging.swift */,
				C5231EF921DEB65C001D9A7D /* Settings */,
			);
			name = Screens;
			sourceTree = "<group>";
		};
		C5A351EB210D0E2600A717D3 /* Helpers */ = {
			isa = PBXGroup;
			children = (
				C5CA7BBB210D4ADF0052D440 /* PhotoHelper.swift */,
				E96F11EB21294016004D549A /* MapHelper.swift */,
				C5CA7BB2210D26CF0052D440 /* Constants.swift */,
				C58D9ECF216361E800B180B3 /* Protocols.swift */,
				C58D9ED32163AD7D00B180B3 /* KFPadding.swift */,
				E9F4238E21CEDFB500F1DB5D /* UserDistance.swift */,
				C5E4A35821D28C9800530C75 /* KeyboardHandler.swift */,
			);
			name = Helpers;
			sourceTree = "<group>";
		};
		C5A351EC210D0E4900A717D3 /* Extensions */ = {
			isa = PBXGroup;
			children = (
				E9545F3021351DEC00D76C26 /* Sourcery.generated.swift */,
				E9545F2C2135190800D76C26 /* Enum+SwitchlessCases.swift */,
				C5CA7BB6210D2BD80052D440 /* StorageRefence.swift */,
				C5DD404E2136ED4900ECC819 /* UIKit */,
				C560B7EA21353623008A9DF1 /* CALayer.swift */,
				C58D9ECD21635E3A00B180B3 /* PureLayout.swift */,
				7A695A0A215AE9CC00D4696D /* NotificationName.swift */,
				E9BA57A8217161F6002A1C37 /* URL.swift */,
				C576EFDD21C66A0D00F96922 /* Notification.swift */,
				C576EFED21C82A4E00F96922 /* String.swift */,
				E9333D1B21CB2D980031DD9F /* UniversalExtensions+Firebase.swift */,
				C5231EF721DEB620001D9A7D /* SFSafariViewController.swift */,
			);
			name = Extensions;
			sourceTree = "<group>";
		};
		C5A351ED210D0E5100A717D3 /* Supporting Files */ = {
			isa = PBXGroup;
			children = (
				C5A351D4210D0CE500A717D3 /* AppDelegate.swift */,
				C5A351E0210D0CE500A717D3 /* Info.plist */,
				C5CA7BAA210D1E2D0052D440 /* GoogleService-Info.plist */,
			);
			name = "Supporting Files";
			sourceTree = "<group>";
		};
		C5B0E19F21501A4D00A8412C /* OpenDonations */ = {
			isa = PBXGroup;
			children = (
				C5983C1D2134643F00303ABB /* KFCOpenDonations.swift */,
				C50E473021518696008A8C36 /* KFDonationInfo */,
			);
			name = OpenDonations;
			sourceTree = "<group>";
		};
		C5B0E1A021501A6700A8412C /* Junk */ = {
			isa = PBXGroup;
			children = (
				7A49CFBF213E3BDD001A48FD /* Login.storyboard */,
				C5DD40592137EFA400ECC819 /* CreateDonation.storyboard */,
			);
			name = Junk;
			sourceTree = "<group>";
		};
		C5B0E1A52150263100A8412C /* KFModularTable */ = {
			isa = PBXGroup;
			children = (
				C552162F21DFCCD7005D85F0 /* ModularTableViewController.swift */,
				C5B0E1A32150262B00A8412C /* ModularTableViewCell.swift */,
				C5231F0221DFC56F001D9A7D /* ModularTableViewItem.swift */,
			);
			name = KFModularTable;
			sourceTree = "<group>";
		};
		C5B0E1A62150264300A8412C /* KFRoundedTable */ = {
			isa = PBXGroup;
			children = (
				C501830321447FD900257412 /* KFVRoundedCell.swift */,
				C505BD7A214700D400A5195B /* KFCTableViewWithRoundedCells.swift */,
			);
			name = KFRoundedTable;
			sourceTree = "<group>";
		};
		C5B0E1A721502D9700A8412C /* DetailedOpenDonation */ = {
			isa = PBXGroup;
			children = (
				C50515C8213694F900718AE5 /* KFCDetailedDonation.swift */,
				C50E472B21518228008A8C36 /* KFOpenDonationDescription */,
			);
			name = DetailedOpenDonation;
			sourceTree = "<group>";
		};
		C5CA7BAF210D24CF0052D440 /* Services */ = {
			isa = PBXGroup;
			children = (
				C5CA7BB0210D24F50052D440 /* UserService.swift */,
				E92994EB210D27C100A32924 /* DonationService.swift */,
				C5CA7BB9210D49130052D440 /* RequestService.swift */,
				C5CA7BB4210D2B030052D440 /* StorageService.swift */,
				E98B003521378F68008FD75A /* ReportingService.swift */,
				E92527C621548E65004556E0 /* TwoFactorAuthService.swift */,
				E92527C82154A40D004556E0 /* TwoFactorAuthService+Moya.swift */,
			);
			name = Services;
			sourceTree = "<group>";
		};
		C5DD404E2136ED4900ECC819 /* UIKit */ = {
			isa = PBXGroup;
			children = (
				E90B247E210E1DAE009B9E0B /* UIAlertController.swift */,
				C564187D216A86BA00664DDB /* UIColor.swift */,
				C560B7E62134732B008A9DF1 /* UIFont.swift */,
				C5DD404C2136ED4400ECC819 /* UILabel.swift */,
				C5DD404F2136EF8200ECC819 /* UITextView.swift */,
				C5DD405E21381AD100ECC819 /* UIButton.swift */,
				C5DD406021382C5000ECC819 /* UITextField.swift */,
				C58B05D1213DBD380086124B /* UIView.swift */,
				C54FDBD72141756000BC89B8 /* UITableView.swift */,
				C50182E52141B1D400257412 /* UIImage.swift */,
				C50182E72141B24C00257412 /* UIStoryboardSegue.swift */,
				C50182F12142AF5300257412 /* UIStoryboard.swift */,
				C58D9ED12163AC3A00B180B3 /* UIStackView.swift */,
				C53D92B92171E46700AE3882 /* UIViewController.swift */,
				C53D92BD217341FB00AE3882 /* UIScrollView.swift */,
				C53D92BF2173438300AE3882 /* UIImageView.swift */,
				C555F8F321766897000CC299 /* UIWindow.swift */,
			);
			name = UIKit;
			sourceTree = "<group>";
		};
		C5F78C84214E82F900B5395E /* VolunteerList */ = {
			isa = PBXGroup;
			children = (
				C5F78C82214E82DF00B5395E /* KFCVolunteerList.swift */,
				C50E473321518874008A8C36 /* KFVolunteerInfo */,
			);
			name = VolunteerList;
			sourceTree = "<group>";
		};
		E92994F1210D58C700A32924 /* Recovered References */ = {
			isa = PBXGroup;
			children = (
				44339C36210D4C4400E6663E /* ItemPostCell.swift */,
				7A49CFC721434EAC001A48FD /* LoginViewController.swift */,
				7A49CFC3213E3ED6001A48FD /* TwoFactorAuthViewController.swift */,
				7A49CFC5213E3F04001A48FD /* CollectMissingInfoViewController.swift */,
				E98B00392137946D008FD75A /* KeyedProperties.stencil */,
			);
			name = "Recovered References";
			sourceTree = "<group>";
		};
		E9439F7021350F0600261370 /* Templates */ = {
			isa = PBXGroup;
			children = (
				E9439F7121350F0600261370 /* CasableVars.stencil */,
				C564187F216A872B00664DDB /* KeyedProperties.stencil */,
			);
			path = Templates;
			sourceTree = "<group>";
		};
		E98036DF21CACD2C002344C7 /* VerifyDropoffImage */ = {
			isa = PBXGroup;
			children = (
				E98036E121CACD37002344C7 /* KFCVerifyDropoffImage.swift */,
				E98036E021CACD37002344C7 /* KFCVerifyDropoffImage.xib */,
			);
			name = VerifyDropoffImage;
			sourceTree = "<group>";
		};
		ED844B4CC71267B714B5E09C /* Pods */ = {
			isa = PBXGroup;
			children = (
				2246EBA8F123A0E424596355 /* Pods-KifuSF.debug.xcconfig */,
				F635C86907ADA56FDC08B3BE /* Pods-KifuSF.release.xcconfig */,
			);
			name = Pods;
			sourceTree = "<group>";
		};
/* End PBXGroup section */

/* Begin PBXNativeTarget section */
		C5A351D0210D0CE500A717D3 /* KifuSF */ = {
			isa = PBXNativeTarget;
			buildConfigurationList = C5A351E3210D0CE500A717D3 /* Build configuration list for PBXNativeTarget "KifuSF" */;
			buildPhases = (
				7F49526CED407A7362E24B36 /* [CP] Check Pods Manifest.lock */,
				C5A351CD210D0CE500A717D3 /* Sources */,
				C5A351CE210D0CE500A717D3 /* Frameworks */,
				C5A351CF210D0CE500A717D3 /* Resources */,
				220E483AD5828192C0765A81 /* [CP] Embed Pods Frameworks */,
				7873416786DDA1F9C9B07047 /* [CP] Copy Pods Resources */,
				E93D082B212CDA0800AEC9B4 /* Run Script (SwiftLint) */,
			);
			buildRules = (
			);
			dependencies = (
			);
			name = KifuSF;
			productName = KifuSF;
			productReference = C5A351D1210D0CE500A717D3 /* KifuSF.app */;
			productType = "com.apple.product-type.application";
		};
/* End PBXNativeTarget section */

/* Begin PBXProject section */
		C5A351C9210D0CE500A717D3 /* Project object */ = {
			isa = PBXProject;
			attributes = {
				LastSwiftUpdateCheck = 0940;
				LastUpgradeCheck = 0940;
				ORGANIZATIONNAME = "Alexandru Turcanu";
				TargetAttributes = {
					C5A351D0210D0CE500A717D3 = {
						CreatedOnToolsVersion = 9.4.1;
						SystemCapabilities = {
							com.apple.AutoFillCredentialProvider = {
								enabled = 1;
							};
							com.apple.SafariKeychain = {
								enabled = 1;
							};
						};
					};
				};
			};
			buildConfigurationList = C5A351CC210D0CE500A717D3 /* Build configuration list for PBXProject "KifuSF" */;
			compatibilityVersion = "Xcode 9.3";
			developmentRegion = en;
			hasScannedForEncodings = 0;
			knownRegions = (
				en,
				Base,
			);
			mainGroup = C5A351C8210D0CE500A717D3;
			productRefGroup = C5A351D2210D0CE500A717D3 /* Products */;
			projectDirPath = "";
			projectRoot = "";
			targets = (
				C5A351D0210D0CE500A717D3 /* KifuSF */,
			);
		};
/* End PBXProject section */

/* Begin PBXResourcesBuildPhase section */
		C5A351CF210D0CE500A717D3 /* Resources */ = {
			isa = PBXResourcesBuildPhase;
			buildActionMask = 2147483647;
			files = (
				C541E60521D675530024E437 /* LaunchScreen.storyboard in Resources */,
				C5CA7BAB210D1E2D0052D440 /* GoogleService-Info.plist in Resources */,
				E98036E221CACD37002344C7 /* KFCVerifyDropoffImage.xib in Resources */,
				C5A351DC210D0CE500A717D3 /* Assets.xcassets in Resources */,
				C5DD405A2137EFA400ECC819 /* CreateDonation.storyboard in Resources */,
				C5475D0921542084006BA324 /* KFVProgress.xib in Resources */,
			);
			runOnlyForDeploymentPostprocessing = 0;
		};
/* End PBXResourcesBuildPhase section */

/* Begin PBXShellScriptBuildPhase section */
		220E483AD5828192C0765A81 /* [CP] Embed Pods Frameworks */ = {
			isa = PBXShellScriptBuildPhase;
			buildActionMask = 2147483647;
			files = (
			);
			inputPaths = (
				"${SRCROOT}/Pods/Target Support Files/Pods-KifuSF/Pods-KifuSF-frameworks.sh",
				"${BUILT_PRODUCTS_DIR}/Alamofire/Alamofire.framework",
				"${BUILT_PRODUCTS_DIR}/Cosmos/Cosmos.framework",
				"${BUILT_PRODUCTS_DIR}/GTMOAuth2/GTMOAuth2.framework",
				"${BUILT_PRODUCTS_DIR}/GTMSessionFetcher/GTMSessionFetcher.framework",
				"${BUILT_PRODUCTS_DIR}/GoogleToolboxForMac/GoogleToolboxForMac.framework",
				"${BUILT_PRODUCTS_DIR}/GoogleUtilities/GoogleUtilities.framework",
				"${BUILT_PRODUCTS_DIR}/Kingfisher/Kingfisher.framework",
				"${BUILT_PRODUCTS_DIR}/LocationPicker/LocationPicker.framework",
				"${BUILT_PRODUCTS_DIR}/Moya/Moya.framework",
				"${BUILT_PRODUCTS_DIR}/PureLayout/PureLayout.framework",
				"${BUILT_PRODUCTS_DIR}/Result/Result.framework",
				"${BUILT_PRODUCTS_DIR}/XLPagerTabStrip/XLPagerTabStrip.framework",
				"${BUILT_PRODUCTS_DIR}/leveldb-library/leveldb.framework",
				"${BUILT_PRODUCTS_DIR}/nanopb/nanopb.framework",
			);
			name = "[CP] Embed Pods Frameworks";
			outputPaths = (
				"${TARGET_BUILD_DIR}/${FRAMEWORKS_FOLDER_PATH}/Alamofire.framework",
				"${TARGET_BUILD_DIR}/${FRAMEWORKS_FOLDER_PATH}/Cosmos.framework",
				"${TARGET_BUILD_DIR}/${FRAMEWORKS_FOLDER_PATH}/GTMOAuth2.framework",
				"${TARGET_BUILD_DIR}/${FRAMEWORKS_FOLDER_PATH}/GTMSessionFetcher.framework",
				"${TARGET_BUILD_DIR}/${FRAMEWORKS_FOLDER_PATH}/GoogleToolboxForMac.framework",
				"${TARGET_BUILD_DIR}/${FRAMEWORKS_FOLDER_PATH}/GoogleUtilities.framework",
				"${TARGET_BUILD_DIR}/${FRAMEWORKS_FOLDER_PATH}/Kingfisher.framework",
				"${TARGET_BUILD_DIR}/${FRAMEWORKS_FOLDER_PATH}/LocationPicker.framework",
				"${TARGET_BUILD_DIR}/${FRAMEWORKS_FOLDER_PATH}/Moya.framework",
				"${TARGET_BUILD_DIR}/${FRAMEWORKS_FOLDER_PATH}/PureLayout.framework",
				"${TARGET_BUILD_DIR}/${FRAMEWORKS_FOLDER_PATH}/Result.framework",
				"${TARGET_BUILD_DIR}/${FRAMEWORKS_FOLDER_PATH}/XLPagerTabStrip.framework",
				"${TARGET_BUILD_DIR}/${FRAMEWORKS_FOLDER_PATH}/leveldb.framework",
				"${TARGET_BUILD_DIR}/${FRAMEWORKS_FOLDER_PATH}/nanopb.framework",
			);
			runOnlyForDeploymentPostprocessing = 0;
			shellPath = /bin/sh;
			shellScript = "\"${SRCROOT}/Pods/Target Support Files/Pods-KifuSF/Pods-KifuSF-frameworks.sh\"\n";
			showEnvVarsInLog = 0;
		};
		7873416786DDA1F9C9B07047 /* [CP] Copy Pods Resources */ = {
			isa = PBXShellScriptBuildPhase;
			buildActionMask = 2147483647;
			files = (
			);
			inputPaths = (
				"${SRCROOT}/Pods/Target Support Files/Pods-KifuSF/Pods-KifuSF-resources.sh",
				"${PODS_CONFIGURATION_BUILD_DIR}/FirebaseUI/FirebaseAuthUI.bundle",
				"${PODS_ROOT}/GoogleSignIn/Resources/GoogleSignIn.bundle",
			);
			name = "[CP] Copy Pods Resources";
			outputPaths = (
				"${TARGET_BUILD_DIR}/${UNLOCALIZED_RESOURCES_FOLDER_PATH}/FirebaseAuthUI.bundle",
				"${TARGET_BUILD_DIR}/${UNLOCALIZED_RESOURCES_FOLDER_PATH}/GoogleSignIn.bundle",
			);
			runOnlyForDeploymentPostprocessing = 0;
			shellPath = /bin/sh;
			shellScript = "\"${SRCROOT}/Pods/Target Support Files/Pods-KifuSF/Pods-KifuSF-resources.sh\"\n";
			showEnvVarsInLog = 0;
		};
		7F49526CED407A7362E24B36 /* [CP] Check Pods Manifest.lock */ = {
			isa = PBXShellScriptBuildPhase;
			buildActionMask = 2147483647;
			files = (
			);
			inputPaths = (
				"${PODS_PODFILE_DIR_PATH}/Podfile.lock",
				"${PODS_ROOT}/Manifest.lock",
			);
			name = "[CP] Check Pods Manifest.lock";
			outputPaths = (
				"$(DERIVED_FILE_DIR)/Pods-KifuSF-checkManifestLockResult.txt",
			);
			runOnlyForDeploymentPostprocessing = 0;
			shellPath = /bin/sh;
			shellScript = "diff \"${PODS_PODFILE_DIR_PATH}/Podfile.lock\" \"${PODS_ROOT}/Manifest.lock\" > /dev/null\nif [ $? != 0 ] ; then\n    # print error to STDERR\n    echo \"error: The sandbox is not in sync with the Podfile.lock. Run 'pod install' or update your CocoaPods installation.\" >&2\n    exit 1\nfi\n# This output is used by Xcode 'outputs' to avoid re-running this script phase.\necho \"SUCCESS\" > \"${SCRIPT_OUTPUT_FILE_0}\"\n";
			showEnvVarsInLog = 0;
		};
		E93D082B212CDA0800AEC9B4 /* Run Script (SwiftLint) */ = {
			isa = PBXShellScriptBuildPhase;
			buildActionMask = 2147483647;
			files = (
			);
			inputPaths = (
			);
			name = "Run Script (SwiftLint)";
			outputPaths = (
			);
			runOnlyForDeploymentPostprocessing = 0;
			shellPath = /bin/sh;
			shellScript = "if which swiftlint >/dev/null; then\nswiftlint\nelse\necho \"warning: SwiftLint not installed, download from https://github.com/realm/SwiftLint\"\nfi\n";
		};
/* End PBXShellScriptBuildPhase section */

/* Begin PBXSourcesBuildPhase section */
		C5A351CD210D0CE500A717D3 /* Sources */ = {
			isa = PBXSourcesBuildPhase;
			buildActionMask = 2147483647;
			files = (
				C541E60121D6445A0024E437 /* KFCLeaderboard.swift in Sources */,
				C541E60021D644480024E437 /* KFMDonationInfo.swift in Sources */,
				C541E5FF21D644400024E437 /* KifuTabBarViewController.swift in Sources */,
				C541E5FE21D644390024E437 /* KFMOpenDonationDescriptionItem.swift in Sources */,
				C541E5FD21D644280024E437 /* UIView.swift in Sources */,
				C5231EF821DEB620001D9A7D /* SFSafariViewController.swift in Sources */,
				C541E60921D77C6F0024E437 /* ReviewCollaboratorDescriptorView.swift in Sources */,
				C5231F0121DF9550001D9A7D /* InformationModel.swift in Sources */,
				C555F8F421766897000CC299 /* UIWindow.swift in Sources */,
				C50182FA2142FB1B00257412 /* UIStickyView.swift in Sources */,
				E90B2479210D8F48009B9E0B /* AppDelegate.swift in Sources */,
				E98B0038213791D6008FD75A /* Report.swift in Sources */,
				C505BD7B214700D400A5195B /* KFCTableViewWithRoundedCells.swift in Sources */,
				E9333D1C21CB2D980031DD9F /* UniversalExtensions+Firebase.swift in Sources */,
				E9A8906D216841A600E71E8D /* KFMWidgetDescriptor.swift in Sources */,
				C50E4732215187C4008A8C36 /* KFMVolunteerInfo.swift in Sources */,
				C50182ED2142AC9A00257412 /* KFCStatus.swift in Sources */,
				E92994EC210D27C100A32924 /* DonationService.swift in Sources */,
				C576EFDE21C66A0D00F96922 /* Notification.swift in Sources */,
				C50515C9213694F900718AE5 /* KFCDetailedDonation.swift in Sources */,
				C541E60F21D7D53D0024E437 /* SlideView.swift in Sources */,
				C576EFEE21C82A4E00F96922 /* String.swift in Sources */,
				C564187C216A456400664DDB /* FrontPageViewController.swift in Sources */,
				C541E60321D66E9A0024E437 /* VerifyDropoffViewController.swift in Sources */,
				C5231EFD21DEBAA9001D9A7D /* SettingsItem.swift in Sources */,
				E90B247F210E1DAE009B9E0B /* UIAlertController.swift in Sources */,
				C5231F0321DFC56F001D9A7D /* ModularTableViewItem.swift in Sources */,
				E92994EE210D27CC00A32924 /* Donation.swift in Sources */,
				E92994F3210D591D00A32924 /* ItemPostCell.swift in Sources */,
				C5CA7BB3210D26D00052D440 /* Constants.swift in Sources */,
				C5231EFF21DF82C1001D9A7D /* MailComposerModel.swift in Sources */,
				E92527C92154A40D004556E0 /* TwoFactorAuthService+Moya.swift in Sources */,
				E9545F3121351DEC00D76C26 /* Sourcery.generated.swift in Sources */,
				C50182E82141B24C00257412 /* UIStoryboardSegue.swift in Sources */,
				C564187E216A86BA00664DDB /* UIColor.swift in Sources */,
				C5B0E19E21501A1B00A8412C /* OpenDonationDetailedDescriptorView.swift in Sources */,
				C501830421447FD900257412 /* KFVRoundedCell.swift in Sources */,
				C53D92BE217341FB00AE3882 /* UIScrollView.swift in Sources */,
				C58D9ECA21629A9A00B180B3 /* KFMUserInfo.swift in Sources */,
				C5CA7BBA210D49130052D440 /* RequestService.swift in Sources */,
				C5DD405F21381AD100ECC819 /* UIButton.swift in Sources */,
				C5CA7BBC210D4ADF0052D440 /* PhotoHelper.swift in Sources */,
				C5CA7BB5210D2B030052D440 /* StorageService.swift in Sources */,
				C50E473521518977008A8C36 /* KFMPendingDonation.swift in Sources */,
				C576EFEA21C7AE9400F96922 /* UIGroupView.swift in Sources */,
				C50182F02142AD4E00257412 /* DeliveryModularTableViewController.swift in Sources */,
				C50182FE2143B8F600257412 /* UIStatisticsView.swift in Sources */,
				C54284162152BFAD00373586 /* KFCDonation.swift in Sources */,
				C5231EF221DD63A1001D9A7D /* SettingsViewController.swift in Sources */,
				C53D92B82171E42500AE3882 /* LoginViewController.swift in Sources */,
				C58D9ED0216361E800B180B3 /* Protocols.swift in Sources */,
				C58D9EC82162991C00B180B3 /* KFVUserInfo.swift in Sources */,
				C576EFE821C7AE0600F96922 /* CreateDonationViewController.swift in Sources */,
				C541E60721D76DB90024E437 /* ReviewCollaboratorViewController.swift in Sources */,
				E9B8895A217543B0004B6976 /* KFCLoading.swift in Sources */,
				E984502D21321E7100096E84 /* PendingDonationTableViewCell.swift in Sources */,
				7A695A0B215AE9CC00D4696D /* NotificationName.swift in Sources */,
				C5CA7BB1210D24F50052D440 /* UserService.swift in Sources */,
				C576EFEC21C7EAA000F96922 /* UIScrollableViewController.swift in Sources */,
				C54FDBE1214199B800BC89B8 /* KFPWidgetInfo.swift in Sources */,
				C5E4A35921D28C9900530C75 /* KeyboardHandler.swift in Sources */,
				C5DD40502136EF8200ECC819 /* UITextView.swift in Sources */,
				C50182FC21430FE800257412 /* KFVDonationInfo.swift in Sources */,
				C53D92C02173438300AE3882 /* UIImageView.swift in Sources */,
				C53D92BC21724B2900AE3882 /* UITextFieldContainer.swift in Sources */,
				E92527C721548E65004556E0 /* TwoFactorAuthService.swift in Sources */,
				C5CA7BB7210D2BD80052D440 /* StorageRefence.swift in Sources */,
				C54FDBEB2141A7C700BC89B8 /* KFCPendingDonations.swift in Sources */,
				E9F4238F21CEDFB500F1DB5D /* UserDistance.swift in Sources */,
				C5F78C83214E82DF00B5395E /* KFCVolunteerList.swift in Sources */,
				C58D9EBD216008D900B180B3 /* UIAnimatedButton.swift in Sources */,
				C564187A216A089F00664DDB /* RegisterFormViewController.swift in Sources */,
				C50182F62142E3F100257412 /* UIDescriptorView.swift in Sources */,
				C58D9ED62163B09300B180B3 /* UIIconView.swift in Sources */,
				C552163021DFCCD7005D85F0 /* ModularTableViewController.swift in Sources */,
				C5B0E1A42150262B00A8412C /* ModularTableViewCell.swift in Sources */,
				E9545F2D2135190800D76C26 /* Enum+SwitchlessCases.swift in Sources */,
				C53D92C221735F4600AE3882 /* KFCLocationServiceDisclaimer.swift in Sources */,
				C58D9EB2215E0FC800B180B3 /* KFVEntityInfo.swift in Sources */,
				E98036E321CACD37002344C7 /* KFCVerifyDropoffImage.swift in Sources */,
				C53D92BA2171E46700AE3882 /* UIViewController.swift in Sources */,
				C541E61121D7D7A00024E437 /* TutorialViewController.swift in Sources */,
				C5231EFB21DEB9EE001D9A7D /* WebsiteModel.swift in Sources */,
				C5475D1121556EA1006BA324 /* KFMInProgressDonationDescription.swift in Sources */,
				C58D9EB4215E137A00B180B3 /* KFMEntityInfo.swift in Sources */,
				C58D9EB9215E20A500B180B3 /* KFMCollaboratorInfo.swift in Sources */,
				C54FDBD82141756000BC89B8 /* UITableView.swift in Sources */,
				C50183002143BBD400257412 /* KFVVolunteerInfo.swift in Sources */,
				C501830221447B7300257412 /* KFVPendingDonation.swift in Sources */,
				C50182E62141B1D400257412 /* UIImage.swift in Sources */,
				C58D9ED22163AC3A00B180B3 /* UIStackView.swift in Sources */,
				C5475D0721541FF1006BA324 /* KFVProgress.swift in Sources */,
				C53D92C421736C4400AE3882 /* KFCPhoneNumberValidation.swift in Sources */,
				C5983C1E2134643F00303ABB /* KFCOpenDonations.swift in Sources */,
				C5DD404D2136ED4400ECC819 /* UILabel.swift in Sources */,
				E96F11EC21294016004D549A /* MapHelper.swift in Sources */,
				C5CA7BAD210D24380052D440 /* User.swift in Sources */,
				C58D9EC5216275CF00B180B3 /* KFMDestinationMap.swift in Sources */,
				E9BA57A9217161F6002A1C37 /* URL.swift in Sources */,
				C58D9EB7215E209C00B180B3 /* CollaboratorDescriptorView.swift in Sources */,
				C560B7E72134732B008A9DF1 /* UIFont.swift in Sources */,
				C58D9EC32162752A00B180B3 /* KFVDestinationMap.swift in Sources */,
				C58D9ED42163AD7D00B180B3 /* KFPadding.swift in Sources */,
				C5475D0F21556ADB006BA324 /* KFVInProgressDonationDescription.swift in Sources */,
				C560B7EF213579F1008A9DF1 /* KFVWidget.swift in Sources */,
				C58D9ECE21635E3A00B180B3 /* PureLayout.swift in Sources */,
				C560B7EB21353623008A9DF1 /* CALayer.swift in Sources */,
				44EE8F12210D88EA00F387A3 /* VolunteerCell.swift in Sources */,
				E9333D1E21CB36160031DD9F /* UserReview.swift in Sources */,
				C5475D0C21542796006BA324 /* KFMProgress.swift in Sources */,
				C53D92C621738F0C00AE3882 /* KFCFlagging.swift in Sources */,
			);
			runOnlyForDeploymentPostprocessing = 0;
		};
/* End PBXSourcesBuildPhase section */

/* Begin PBXVariantGroup section */
		C5A351DD210D0CE500A717D3 /* LaunchScreen.storyboard */ = {
			isa = PBXVariantGroup;
			children = (
				C5A351DE210D0CE500A717D3 /* Base */,
			);
			name = LaunchScreen.storyboard;
			sourceTree = "<group>";
		};
/* End PBXVariantGroup section */

/* Begin XCBuildConfiguration section */
		C5A351E1210D0CE500A717D3 /* Debug */ = {
			isa = XCBuildConfiguration;
			buildSettings = {
				ALWAYS_SEARCH_USER_PATHS = NO;
				CLANG_ANALYZER_NONNULL = YES;
				CLANG_ANALYZER_NUMBER_OBJECT_CONVERSION = YES_AGGRESSIVE;
				CLANG_CXX_LANGUAGE_STANDARD = "gnu++14";
				CLANG_CXX_LIBRARY = "libc++";
				CLANG_ENABLE_MODULES = YES;
				CLANG_ENABLE_OBJC_ARC = YES;
				CLANG_ENABLE_OBJC_WEAK = YES;
				CLANG_WARN_BLOCK_CAPTURE_AUTORELEASING = YES;
				CLANG_WARN_BOOL_CONVERSION = YES;
				CLANG_WARN_COMMA = YES;
				CLANG_WARN_CONSTANT_CONVERSION = YES;
				CLANG_WARN_DEPRECATED_OBJC_IMPLEMENTATIONS = YES;
				CLANG_WARN_DIRECT_OBJC_ISA_USAGE = YES_ERROR;
				CLANG_WARN_DOCUMENTATION_COMMENTS = YES;
				CLANG_WARN_EMPTY_BODY = YES;
				CLANG_WARN_ENUM_CONVERSION = YES;
				CLANG_WARN_INFINITE_RECURSION = YES;
				CLANG_WARN_INT_CONVERSION = YES;
				CLANG_WARN_NON_LITERAL_NULL_CONVERSION = YES;
				CLANG_WARN_OBJC_IMPLICIT_RETAIN_SELF = YES;
				CLANG_WARN_OBJC_LITERAL_CONVERSION = YES;
				CLANG_WARN_OBJC_ROOT_CLASS = YES_ERROR;
				CLANG_WARN_RANGE_LOOP_ANALYSIS = YES;
				CLANG_WARN_STRICT_PROTOTYPES = YES;
				CLANG_WARN_SUSPICIOUS_MOVE = YES;
				CLANG_WARN_UNGUARDED_AVAILABILITY = YES_AGGRESSIVE;
				CLANG_WARN_UNREACHABLE_CODE = YES;
				CLANG_WARN__DUPLICATE_METHOD_MATCH = YES;
				CODE_SIGN_IDENTITY = "iPhone Developer";
				COPY_PHASE_STRIP = NO;
				DEBUG_INFORMATION_FORMAT = dwarf;
				ENABLE_STRICT_OBJC_MSGSEND = YES;
				ENABLE_TESTABILITY = YES;
				GCC_C_LANGUAGE_STANDARD = gnu11;
				GCC_DYNAMIC_NO_PIC = NO;
				GCC_NO_COMMON_BLOCKS = YES;
				GCC_OPTIMIZATION_LEVEL = 0;
				GCC_PREPROCESSOR_DEFINITIONS = (
					"DEBUG=1",
					"$(inherited)",
				);
				GCC_WARN_64_TO_32_BIT_CONVERSION = YES;
				GCC_WARN_ABOUT_RETURN_TYPE = YES_ERROR;
				GCC_WARN_UNDECLARED_SELECTOR = YES;
				GCC_WARN_UNINITIALIZED_AUTOS = YES_AGGRESSIVE;
				GCC_WARN_UNUSED_FUNCTION = YES;
				GCC_WARN_UNUSED_VARIABLE = YES;
				IPHONEOS_DEPLOYMENT_TARGET = 11.4;
				MTL_ENABLE_DEBUG_INFO = YES;
				ONLY_ACTIVE_ARCH = YES;
				SDKROOT = iphoneos;
				SWIFT_ACTIVE_COMPILATION_CONDITIONS = DEBUG;
				SWIFT_OPTIMIZATION_LEVEL = "-Onone";
			};
			name = Debug;
		};
		C5A351E2210D0CE500A717D3 /* Release */ = {
			isa = XCBuildConfiguration;
			buildSettings = {
				ALWAYS_SEARCH_USER_PATHS = NO;
				CLANG_ANALYZER_NONNULL = YES;
				CLANG_ANALYZER_NUMBER_OBJECT_CONVERSION = YES_AGGRESSIVE;
				CLANG_CXX_LANGUAGE_STANDARD = "gnu++14";
				CLANG_CXX_LIBRARY = "libc++";
				CLANG_ENABLE_MODULES = YES;
				CLANG_ENABLE_OBJC_ARC = YES;
				CLANG_ENABLE_OBJC_WEAK = YES;
				CLANG_WARN_BLOCK_CAPTURE_AUTORELEASING = YES;
				CLANG_WARN_BOOL_CONVERSION = YES;
				CLANG_WARN_COMMA = YES;
				CLANG_WARN_CONSTANT_CONVERSION = YES;
				CLANG_WARN_DEPRECATED_OBJC_IMPLEMENTATIONS = YES;
				CLANG_WARN_DIRECT_OBJC_ISA_USAGE = YES_ERROR;
				CLANG_WARN_DOCUMENTATION_COMMENTS = YES;
				CLANG_WARN_EMPTY_BODY = YES;
				CLANG_WARN_ENUM_CONVERSION = YES;
				CLANG_WARN_INFINITE_RECURSION = YES;
				CLANG_WARN_INT_CONVERSION = YES;
				CLANG_WARN_NON_LITERAL_NULL_CONVERSION = YES;
				CLANG_WARN_OBJC_IMPLICIT_RETAIN_SELF = YES;
				CLANG_WARN_OBJC_LITERAL_CONVERSION = YES;
				CLANG_WARN_OBJC_ROOT_CLASS = YES_ERROR;
				CLANG_WARN_RANGE_LOOP_ANALYSIS = YES;
				CLANG_WARN_STRICT_PROTOTYPES = YES;
				CLANG_WARN_SUSPICIOUS_MOVE = YES;
				CLANG_WARN_UNGUARDED_AVAILABILITY = YES_AGGRESSIVE;
				CLANG_WARN_UNREACHABLE_CODE = YES;
				CLANG_WARN__DUPLICATE_METHOD_MATCH = YES;
				CODE_SIGN_IDENTITY = "iPhone Developer";
				COPY_PHASE_STRIP = NO;
				DEBUG_INFORMATION_FORMAT = "dwarf-with-dsym";
				ENABLE_NS_ASSERTIONS = NO;
				ENABLE_STRICT_OBJC_MSGSEND = YES;
				GCC_C_LANGUAGE_STANDARD = gnu11;
				GCC_NO_COMMON_BLOCKS = YES;
				GCC_WARN_64_TO_32_BIT_CONVERSION = YES;
				GCC_WARN_ABOUT_RETURN_TYPE = YES_ERROR;
				GCC_WARN_UNDECLARED_SELECTOR = YES;
				GCC_WARN_UNINITIALIZED_AUTOS = YES_AGGRESSIVE;
				GCC_WARN_UNUSED_FUNCTION = YES;
				GCC_WARN_UNUSED_VARIABLE = YES;
				IPHONEOS_DEPLOYMENT_TARGET = 11.4;
				MTL_ENABLE_DEBUG_INFO = NO;
				SDKROOT = iphoneos;
				SWIFT_COMPILATION_MODE = wholemodule;
				SWIFT_OPTIMIZATION_LEVEL = "-O";
				VALIDATE_PRODUCT = YES;
			};
			name = Release;
		};
		C5A351E4210D0CE500A717D3 /* Debug */ = {
			isa = XCBuildConfiguration;
			baseConfigurationReference = 2246EBA8F123A0E424596355 /* Pods-KifuSF.debug.xcconfig */;
			buildSettings = {
				ASSETCATALOG_COMPILER_APPICON_NAME = AppIcon;
				CODE_SIGN_ENTITLEMENTS = KifuSF/KifuSF.entitlements;
				CODE_SIGN_IDENTITY = "iPhone Developer";
				CODE_SIGN_STYLE = Automatic;
				DEVELOPMENT_TEAM = UALV34MRH2;
				INFOPLIST_FILE = KifuSF/Info.plist;
				IPHONEOS_DEPLOYMENT_TARGET = 12.0;
				LD_RUNPATH_SEARCH_PATHS = (
					"$(inherited)",
					"@executable_path/Frameworks",
				);
				PRODUCT_BUNDLE_IDENTIFIER = org.codingbytes.KifuSF;
				PRODUCT_NAME = "$(TARGET_NAME)";
				PROVISIONING_PROFILE_SPECIFIER = "";
				SWIFT_VERSION = 4.0;
				TARGETED_DEVICE_FAMILY = 1;
			};
			name = Debug;
		};
		C5A351E5210D0CE500A717D3 /* Release */ = {
			isa = XCBuildConfiguration;
			baseConfigurationReference = F635C86907ADA56FDC08B3BE /* Pods-KifuSF.release.xcconfig */;
			buildSettings = {
				ASSETCATALOG_COMPILER_APPICON_NAME = AppIcon;
				CODE_SIGN_ENTITLEMENTS = KifuSF/KifuSF.entitlements;
				CODE_SIGN_IDENTITY = "iPhone Developer";
				CODE_SIGN_STYLE = Automatic;
				DEVELOPMENT_TEAM = UALV34MRH2;
				INFOPLIST_FILE = KifuSF/Info.plist;
				IPHONEOS_DEPLOYMENT_TARGET = 12.0;
				LD_RUNPATH_SEARCH_PATHS = (
					"$(inherited)",
					"@executable_path/Frameworks",
				);
				PRODUCT_BUNDLE_IDENTIFIER = org.codingbytes.KifuSF;
				PRODUCT_NAME = "$(TARGET_NAME)";
				PROVISIONING_PROFILE_SPECIFIER = "";
				SWIFT_VERSION = 4.0;
				TARGETED_DEVICE_FAMILY = 1;
			};
			name = Release;
		};
/* End XCBuildConfiguration section */

/* Begin XCConfigurationList section */
		C5A351CC210D0CE500A717D3 /* Build configuration list for PBXProject "KifuSF" */ = {
			isa = XCConfigurationList;
			buildConfigurations = (
				C5A351E1210D0CE500A717D3 /* Debug */,
				C5A351E2210D0CE500A717D3 /* Release */,
			);
			defaultConfigurationIsVisible = 0;
			defaultConfigurationName = Release;
		};
		C5A351E3210D0CE500A717D3 /* Build configuration list for PBXNativeTarget "KifuSF" */ = {
			isa = XCConfigurationList;
			buildConfigurations = (
				C5A351E4210D0CE500A717D3 /* Debug */,
				C5A351E5210D0CE500A717D3 /* Release */,
			);
			defaultConfigurationIsVisible = 0;
			defaultConfigurationName = Release;
		};
/* End XCConfigurationList section */
	};
	rootObject = C5A351C9210D0CE500A717D3 /* Project object */;
}
