// !$*UTF8*$!
{
	archiveVersion = 1;
	classes = {
	};
	objectVersion = 50;
	objects = {

/* Begin PBXBuildFile section */
		ACD763F3135C5C1DBAD3E706 /* Pods_KifuSF.framework in Frameworks */ = {isa = PBXBuildFile; fileRef = 75120AF291FB1A99E32061F5 /* Pods_KifuSF.framework */; };
		C5A351D5210D0CE500A717D3 /* AppDelegate.swift in Sources */ = {isa = PBXBuildFile; fileRef = C5A351D4210D0CE500A717D3 /* AppDelegate.swift */; };
		C5A351D7210D0CE500A717D3 /* ViewController.swift in Sources */ = {isa = PBXBuildFile; fileRef = C5A351D6210D0CE500A717D3 /* ViewController.swift */; };
		C5A351DA210D0CE500A717D3 /* Main.storyboard in Resources */ = {isa = PBXBuildFile; fileRef = C5A351D8210D0CE500A717D3 /* Main.storyboard */; };
		C5A351DC210D0CE500A717D3 /* Assets.xcassets in Resources */ = {isa = PBXBuildFile; fileRef = C5A351DB210D0CE500A717D3 /* Assets.xcassets */; };
		C5A351DF210D0CE500A717D3 /* LaunchScreen.storyboard in Resources */ = {isa = PBXBuildFile; fileRef = C5A351DD210D0CE500A717D3 /* LaunchScreen.storyboard */; };
		C5CA7BAB210D1E2D0052D440 /* GoogleService-Info.plist in Resources */ = {isa = PBXBuildFile; fileRef = C5CA7BAA210D1E2D0052D440 /* GoogleService-Info.plist */; };
		C5CA7BAD210D24380052D440 /* User.swift in Sources */ = {isa = PBXBuildFile; fileRef = C5CA7BAC210D24380052D440 /* User.swift */; };
		C5CA7BB1210D24F50052D440 /* UserService.swift in Sources */ = {isa = PBXBuildFile; fileRef = C5CA7BB0210D24F50052D440 /* UserService.swift */; };
		C5CA7BB3210D26D00052D440 /* Constants.swift in Sources */ = {isa = PBXBuildFile; fileRef = C5CA7BB2210D26CF0052D440 /* Constants.swift */; };
		C5CA7BB5210D2B030052D440 /* StorageService.swift in Sources */ = {isa = PBXBuildFile; fileRef = C5CA7BB4210D2B030052D440 /* StorageService.swift */; };
		C5CA7BB7210D2BD80052D440 /* StorageRefence.swift in Sources */ = {isa = PBXBuildFile; fileRef = C5CA7BB6210D2BD80052D440 /* StorageRefence.swift */; };
		E92994EC210D27C100A32924 /* DonationService.swift in Sources */ = {isa = PBXBuildFile; fileRef = E92994EB210D27C100A32924 /* DonationService.swift */; };
		E92994EE210D27CC00A32924 /* Donation.swift in Sources */ = {isa = PBXBuildFile; fileRef = E92994ED210D27CC00A32924 /* Donation.swift */; };
/* End PBXBuildFile section */

/* Begin PBXFileReference section */
		2246EBA8F123A0E424596355 /* Pods-KifuSF.debug.xcconfig */ = {isa = PBXFileReference; includeInIndex = 1; lastKnownFileType = text.xcconfig; name = "Pods-KifuSF.debug.xcconfig"; path = "Pods/Target Support Files/Pods-KifuSF/Pods-KifuSF.debug.xcconfig"; sourceTree = "<group>"; };
		75120AF291FB1A99E32061F5 /* Pods_KifuSF.framework */ = {isa = PBXFileReference; explicitFileType = wrapper.framework; includeInIndex = 0; path = Pods_KifuSF.framework; sourceTree = BUILT_PRODUCTS_DIR; };
		C5A351D1210D0CE500A717D3 /* KifuSF.app */ = {isa = PBXFileReference; explicitFileType = wrapper.application; includeInIndex = 0; path = KifuSF.app; sourceTree = BUILT_PRODUCTS_DIR; };
		C5A351D4210D0CE500A717D3 /* AppDelegate.swift */ = {isa = PBXFileReference; lastKnownFileType = sourcecode.swift; path = AppDelegate.swift; sourceTree = "<group>"; };
		C5A351D6210D0CE500A717D3 /* ViewController.swift */ = {isa = PBXFileReference; lastKnownFileType = sourcecode.swift; path = ViewController.swift; sourceTree = "<group>"; };
		C5A351D9210D0CE500A717D3 /* Base */ = {isa = PBXFileReference; lastKnownFileType = file.storyboard; name = Base; path = Base.lproj/Main.storyboard; sourceTree = "<group>"; };
		C5A351DB210D0CE500A717D3 /* Assets.xcassets */ = {isa = PBXFileReference; lastKnownFileType = folder.assetcatalog; path = Assets.xcassets; sourceTree = "<group>"; };
		C5A351DE210D0CE500A717D3 /* Base */ = {isa = PBXFileReference; lastKnownFileType = file.storyboard; name = Base; path = Base.lproj/LaunchScreen.storyboard; sourceTree = "<group>"; };
		C5A351E0210D0CE500A717D3 /* Info.plist */ = {isa = PBXFileReference; lastKnownFileType = text.plist.xml; path = Info.plist; sourceTree = "<group>"; };
		C5CA7BAA210D1E2D0052D440 /* GoogleService-Info.plist */ = {isa = PBXFileReference; fileEncoding = 4; lastKnownFileType = text.plist.xml; path = "GoogleService-Info.plist"; sourceTree = "<group>"; };
		C5CA7BAC210D24380052D440 /* User.swift */ = {isa = PBXFileReference; lastKnownFileType = sourcecode.swift; path = User.swift; sourceTree = "<group>"; };
		C5CA7BB0210D24F50052D440 /* UserService.swift */ = {isa = PBXFileReference; lastKnownFileType = sourcecode.swift; path = UserService.swift; sourceTree = "<group>"; };
		C5CA7BB2210D26CF0052D440 /* Constants.swift */ = {isa = PBXFileReference; lastKnownFileType = sourcecode.swift; path = Constants.swift; sourceTree = "<group>"; };
		C5CA7BB4210D2B030052D440 /* StorageService.swift */ = {isa = PBXFileReference; lastKnownFileType = sourcecode.swift; path = StorageService.swift; sourceTree = "<group>"; };
		C5CA7BB6210D2BD80052D440 /* StorageRefence.swift */ = {isa = PBXFileReference; lastKnownFileType = sourcecode.swift; path = StorageRefence.swift; sourceTree = "<group>"; };
		E92994EB210D27C100A32924 /* DonationService.swift */ = {isa = PBXFileReference; lastKnownFileType = sourcecode.swift; path = DonationService.swift; sourceTree = "<group>"; };
		E92994ED210D27CC00A32924 /* Donation.swift */ = {isa = PBXFileReference; lastKnownFileType = sourcecode.swift; path = Donation.swift; sourceTree = "<group>"; };
		F635C86907ADA56FDC08B3BE /* Pods-KifuSF.release.xcconfig */ = {isa = PBXFileReference; includeInIndex = 1; lastKnownFileType = text.xcconfig; name = "Pods-KifuSF.release.xcconfig"; path = "Pods/Target Support Files/Pods-KifuSF/Pods-KifuSF.release.xcconfig"; sourceTree = "<group>"; };
/* End PBXFileReference section */

/* Begin PBXFrameworksBuildPhase section */
		C5A351CE210D0CE500A717D3 /* Frameworks */ = {
			isa = PBXFrameworksBuildPhase;
			buildActionMask = 2147483647;
			files = (
				ACD763F3135C5C1DBAD3E706 /* Pods_KifuSF.framework in Frameworks */,
			);
			runOnlyForDeploymentPostprocessing = 0;
		};
/* End PBXFrameworksBuildPhase section */

/* Begin PBXGroup section */
		6153AE97C5F4F481B572AF2D /* Frameworks */ = {
			isa = PBXGroup;
			children = (
				75120AF291FB1A99E32061F5 /* Pods_KifuSF.framework */,
			);
			name = Frameworks;
			sourceTree = "<group>";
		};
		C5A351C8210D0CE500A717D3 = {
			isa = PBXGroup;
			children = (
				C5A351D3210D0CE500A717D3 /* KifuSF */,
				C5A351D2210D0CE500A717D3 /* Products */,
				ED844B4CC71267B714B5E09C /* Pods */,
				6153AE97C5F4F481B572AF2D /* Frameworks */,
			);
			sourceTree = "<group>";
		};
		C5A351D2210D0CE500A717D3 /* Products */ = {
			isa = PBXGroup;
			children = (
				C5A351D1210D0CE500A717D3 /* KifuSF.app */,
			);
			name = Products;
			sourceTree = "<group>";
		};
		C5A351D3210D0CE500A717D3 /* KifuSF */ = {
			isa = PBXGroup;
			children = (
				C5CA7BAF210D24CF0052D440 /* Services */,
				C5A351E9210D0E0200A717D3 /* Views */,
				C5A351ED210D0E5100A717D3 /* Supporting Files */,
				C5A351EC210D0E4900A717D3 /* Extensions */,
				C5A351EB210D0E2600A717D3 /* Helpers */,
				C5A351EA210D0E1600A717D3 /* Controllers */,
				C5A351E6210D0DAD00A717D3 /* Models */,
				C5A351DB210D0CE500A717D3 /* Assets.xcassets */,
			);
			path = KifuSF;
			sourceTree = "<group>";
		};
		C5A351E6210D0DAD00A717D3 /* Models */ = {
			isa = PBXGroup;
			children = (
				E92994ED210D27CC00A32924 /* Donation.swift */,
				C5CA7BAC210D24380052D440 /* User.swift */,
			);
			name = Models;
			sourceTree = "<group>";
		};
		C5A351E9210D0E0200A717D3 /* Views */ = {
			isa = PBXGroup;
			children = (
				C5A351D8210D0CE500A717D3 /* Main.storyboard */,
				C5A351DD210D0CE500A717D3 /* LaunchScreen.storyboard */,
			);
			name = Views;
			sourceTree = "<group>";
		};
		C5A351EA210D0E1600A717D3 /* Controllers */ = {
			isa = PBXGroup;
			children = (
				C5A351D6210D0CE500A717D3 /* ViewController.swift */,
			);
			name = Controllers;
			sourceTree = "<group>";
		};
		C5A351EB210D0E2600A717D3 /* Helpers */ = {
			isa = PBXGroup;
			children = (
				C5CA7BB2210D26CF0052D440 /* Constants.swift */,
			);
			name = Helpers;
			sourceTree = "<group>";
		};
		C5A351EC210D0E4900A717D3 /* Extensions */ = {
			isa = PBXGroup;
			children = (
				C5CA7BB6210D2BD80052D440 /* StorageRefence.swift */,
			);
			name = Extensions;
			sourceTree = "<group>";
		};
		C5A351ED210D0E5100A717D3 /* Supporting Files */ = {
			isa = PBXGroup;
			children = (
				C5A351D4210D0CE500A717D3 /* AppDelegate.swift */,
				C5A351E0210D0CE500A717D3 /* Info.plist */,
				C5CA7BAA210D1E2D0052D440 /* GoogleService-Info.plist */,
			);
			name = "Supporting Files";
			sourceTree = "<group>";
		};
		C5CA7BAF210D24CF0052D440 /* Services */ = {
			isa = PBXGroup;
			children = (
				C5CA7BB0210D24F50052D440 /* UserService.swift */,
				E92994EB210D27C100A32924 /* DonationService.swift */,
				C5CA7BB4210D2B030052D440 /* StorageService.swift */,
			);
			name = Services;
			sourceTree = "<group>";
		};
		ED844B4CC71267B714B5E09C /* Pods */ = {
			isa = PBXGroup;
			children = (
				2246EBA8F123A0E424596355 /* Pods-KifuSF.debug.xcconfig */,
				F635C86907ADA56FDC08B3BE /* Pods-KifuSF.release.xcconfig */,
			);
			name = Pods;
			sourceTree = "<group>";
		};
/* End PBXGroup section */

/* Begin PBXNativeTarget section */
		C5A351D0210D0CE500A717D3 /* KifuSF */ = {
			isa = PBXNativeTarget;
			buildConfigurationList = C5A351E3210D0CE500A717D3 /* Build configuration list for PBXNativeTarget "KifuSF" */;
			buildPhases = (
				7F49526CED407A7362E24B36 /* [CP] Check Pods Manifest.lock */,
				C5A351CD210D0CE500A717D3 /* Sources */,
				C5A351CE210D0CE500A717D3 /* Frameworks */,
				C5A351CF210D0CE500A717D3 /* Resources */,
				220E483AD5828192C0765A81 /* [CP] Embed Pods Frameworks */,
				7873416786DDA1F9C9B07047 /* [CP] Copy Pods Resources */,
			);
			buildRules = (
			);
			dependencies = (
			);
			name = KifuSF;
			productName = KifuSF;
			productReference = C5A351D1210D0CE500A717D3 /* KifuSF.app */;
			productType = "com.apple.product-type.application";
		};
/* End PBXNativeTarget section */

/* Begin PBXProject section */
		C5A351C9210D0CE500A717D3 /* Project object */ = {
			isa = PBXProject;
			attributes = {
				LastSwiftUpdateCheck = 0940;
				LastUpgradeCheck = 0940;
				ORGANIZATIONNAME = "Alexandru Turcanu";
				TargetAttributes = {
					C5A351D0210D0CE500A717D3 = {
						CreatedOnToolsVersion = 9.4.1;
					};
				};
			};
			buildConfigurationList = C5A351CC210D0CE500A717D3 /* Build configuration list for PBXProject "KifuSF" */;
			compatibilityVersion = "Xcode 9.3";
			developmentRegion = en;
			hasScannedForEncodings = 0;
			knownRegions = (
				en,
				Base,
			);
			mainGroup = C5A351C8210D0CE500A717D3;
			productRefGroup = C5A351D2210D0CE500A717D3 /* Products */;
			projectDirPath = "";
			projectRoot = "";
			targets = (
				C5A351D0210D0CE500A717D3 /* KifuSF */,
			);
		};
/* End PBXProject section */

/* Begin PBXResourcesBuildPhase section */
		C5A351CF210D0CE500A717D3 /* Resources */ = {
			isa = PBXResourcesBuildPhase;
			buildActionMask = 2147483647;
			files = (
				C5A351DF210D0CE500A717D3 /* LaunchScreen.storyboard in Resources */,
				C5CA7BAB210D1E2D0052D440 /* GoogleService-Info.plist in Resources */,
				C5A351DC210D0CE500A717D3 /* Assets.xcassets in Resources */,
				C5A351DA210D0CE500A717D3 /* Main.storyboard in Resources */,
			);
			runOnlyForDeploymentPostprocessing = 0;
		};
/* End PBXResourcesBuildPhase section */

/* Begin PBXShellScriptBuildPhase section */
		220E483AD5828192C0765A81 /* [CP] Embed Pods Frameworks */ = {
			isa = PBXShellScriptBuildPhase;
			buildActionMask = 2147483647;
			files = (
			);
			inputPaths = (
				"${SRCROOT}/Pods/Target Support Files/Pods-KifuSF/Pods-KifuSF-frameworks.sh",
				"${BUILT_PRODUCTS_DIR}/GTMSessionFetcher/GTMSessionFetcher.framework",
				"${BUILT_PRODUCTS_DIR}/GoogleToolboxForMac/GoogleToolboxForMac.framework",
				"${BUILT_PRODUCTS_DIR}/Kingfisher/Kingfisher.framework",
				"${BUILT_PRODUCTS_DIR}/LocationPicker/LocationPicker.framework",
				"${BUILT_PRODUCTS_DIR}/leveldb-library/leveldb.framework",
				"${BUILT_PRODUCTS_DIR}/nanopb/nanopb.framework",
			);
			name = "[CP] Embed Pods Frameworks";
			outputPaths = (
				"${TARGET_BUILD_DIR}/${FRAMEWORKS_FOLDER_PATH}/GTMSessionFetcher.framework",
				"${TARGET_BUILD_DIR}/${FRAMEWORKS_FOLDER_PATH}/GoogleToolboxForMac.framework",
				"${TARGET_BUILD_DIR}/${FRAMEWORKS_FOLDER_PATH}/Kingfisher.framework",
				"${TARGET_BUILD_DIR}/${FRAMEWORKS_FOLDER_PATH}/LocationPicker.framework",
				"${TARGET_BUILD_DIR}/${FRAMEWORKS_FOLDER_PATH}/leveldb.framework",
				"${TARGET_BUILD_DIR}/${FRAMEWORKS_FOLDER_PATH}/nanopb.framework",
			);
			runOnlyForDeploymentPostprocessing = 0;
			shellPath = /bin/sh;
			shellScript = "\"${SRCROOT}/Pods/Target Support Files/Pods-KifuSF/Pods-KifuSF-frameworks.sh\"\n";
			showEnvVarsInLog = 0;
		};
		7873416786DDA1F9C9B07047 /* [CP] Copy Pods Resources */ = {
			isa = PBXShellScriptBuildPhase;
			buildActionMask = 2147483647;
			files = (
			);
			inputPaths = (
				"${SRCROOT}/Pods/Target Support Files/Pods-KifuSF/Pods-KifuSF-resources.sh",
				"${PODS_CONFIGURATION_BUILD_DIR}/FirebaseUI/FirebaseAuthUI.bundle",
			);
			name = "[CP] Copy Pods Resources";
			outputPaths = (
				"${TARGET_BUILD_DIR}/${UNLOCALIZED_RESOURCES_FOLDER_PATH}/FirebaseAuthUI.bundle",
			);
			runOnlyForDeploymentPostprocessing = 0;
			shellPath = /bin/sh;
			shellScript = "\"${SRCROOT}/Pods/Target Support Files/Pods-KifuSF/Pods-KifuSF-resources.sh\"\n";
			showEnvVarsInLog = 0;
		};
		7F49526CED407A7362E24B36 /* [CP] Check Pods Manifest.lock */ = {
			isa = PBXShellScriptBuildPhase;
			buildActionMask = 2147483647;
			files = (
			);
			inputPaths = (
				"${PODS_PODFILE_DIR_PATH}/Podfile.lock",
				"${PODS_ROOT}/Manifest.lock",
			);
			name = "[CP] Check Pods Manifest.lock";
			outputPaths = (
				"$(DERIVED_FILE_DIR)/Pods-KifuSF-checkManifestLockResult.txt",
			);
			runOnlyForDeploymentPostprocessing = 0;
			shellPath = /bin/sh;
			shellScript = "diff \"${PODS_PODFILE_DIR_PATH}/Podfile.lock\" \"${PODS_ROOT}/Manifest.lock\" > /dev/null\nif [ $? != 0 ] ; then\n    # print error to STDERR\n    echo \"error: The sandbox is not in sync with the Podfile.lock. Run 'pod install' or update your CocoaPods installation.\" >&2\n    exit 1\nfi\n# This output is used by Xcode 'outputs' to avoid re-running this script phase.\necho \"SUCCESS\" > \"${SCRIPT_OUTPUT_FILE_0}\"\n";
			showEnvVarsInLog = 0;
		};
/* End PBXShellScriptBuildPhase section */

/* Begin PBXSourcesBuildPhase section */
		C5A351CD210D0CE500A717D3 /* Sources */ = {
			isa = PBXSourcesBuildPhase;
			buildActionMask = 2147483647;
			files = (
				E92994EC210D27C100A32924 /* DonationService.swift in Sources */,
				E92994EE210D27CC00A32924 /* Donation.swift in Sources */,
				C5CA7BB3210D26D00052D440 /* Constants.swift in Sources */,
				C5CA7BB5210D2B030052D440 /* StorageService.swift in Sources */,
				C5CA7BB1210D24F50052D440 /* UserService.swift in Sources */,
				C5CA7BB7210D2BD80052D440 /* StorageRefence.swift in Sources */,
				C5A351D7210D0CE500A717D3 /* ViewController.swift in Sources */,
				C5A351D5210D0CE500A717D3 /* AppDelegate.swift in Sources */,
				C5CA7BAD210D24380052D440 /* User.swift in Sources */,
			);
			runOnlyForDeploymentPostprocessing = 0;
		};
/* End PBXSourcesBuildPhase section */

/* Begin PBXVariantGroup section */
		C5A351D8210D0CE500A717D3 /* Main.storyboard */ = {
			isa = PBXVariantGroup;
			children = (
				C5A351D9210D0CE500A717D3 /* Base */,
			);
			name = Main.storyboard;
			sourceTree = "<group>";
		};
		C5A351DD210D0CE500A717D3 /* LaunchScreen.storyboard */ = {
			isa = PBXVariantGroup;
			children = (
				C5A351DE210D0CE500A717D3 /* Base */,
			);
			name = LaunchScreen.storyboard;
			sourceTree = "<group>";
		};
/* End PBXVariantGroup section */

/* Begin XCBuildConfiguration section */
		C5A351E1210D0CE500A717D3 /* Debug */ = {
			isa = XCBuildConfiguration;
			buildSettings = {
				ALWAYS_SEARCH_USER_PATHS = NO;
				CLANG_ANALYZER_NONNULL = YES;
				CLANG_ANALYZER_NUMBER_OBJECT_CONVERSION = YES_AGGRESSIVE;
				CLANG_CXX_LANGUAGE_STANDARD = "gnu++14";
				CLANG_CXX_LIBRARY = "libc++";
				CLANG_ENABLE_MODULES = YES;
				CLANG_ENABLE_OBJC_ARC = YES;
				CLANG_ENABLE_OBJC_WEAK = YES;
				CLANG_WARN_BLOCK_CAPTURE_AUTORELEASING = YES;
				CLANG_WARN_BOOL_CONVERSION = YES;
				CLANG_WARN_COMMA = YES;
				CLANG_WARN_CONSTANT_CONVERSION = YES;
				CLANG_WARN_DEPRECATED_OBJC_IMPLEMENTATIONS = YES;
				CLANG_WARN_DIRECT_OBJC_ISA_USAGE = YES_ERROR;
				CLANG_WARN_DOCUMENTATION_COMMENTS = YES;
				CLANG_WARN_EMPTY_BODY = YES;
				CLANG_WARN_ENUM_CONVERSION = YES;
				CLANG_WARN_INFINITE_RECURSION = YES;
				CLANG_WARN_INT_CONVERSION = YES;
				CLANG_WARN_NON_LITERAL_NULL_CONVERSION = YES;
				CLANG_WARN_OBJC_IMPLICIT_RETAIN_SELF = YES;
				CLANG_WARN_OBJC_LITERAL_CONVERSION = YES;
				CLANG_WARN_OBJC_ROOT_CLASS = YES_ERROR;
				CLANG_WARN_RANGE_LOOP_ANALYSIS = YES;
				CLANG_WARN_STRICT_PROTOTYPES = YES;
				CLANG_WARN_SUSPICIOUS_MOVE = YES;
				CLANG_WARN_UNGUARDED_AVAILABILITY = YES_AGGRESSIVE;
				CLANG_WARN_UNREACHABLE_CODE = YES;
				CLANG_WARN__DUPLICATE_METHOD_MATCH = YES;
				CODE_SIGN_IDENTITY = "iPhone Developer";
				COPY_PHASE_STRIP = NO;
				DEBUG_INFORMATION_FORMAT = dwarf;
				ENABLE_STRICT_OBJC_MSGSEND = YES;
				ENABLE_TESTABILITY = YES;
				GCC_C_LANGUAGE_STANDARD = gnu11;
				GCC_DYNAMIC_NO_PIC = NO;
				GCC_NO_COMMON_BLOCKS = YES;
				GCC_OPTIMIZATION_LEVEL = 0;
				GCC_PREPROCESSOR_DEFINITIONS = (
					"DEBUG=1",
					"$(inherited)",
				);
				GCC_WARN_64_TO_32_BIT_CONVERSION = YES;
				GCC_WARN_ABOUT_RETURN_TYPE = YES_ERROR;
				GCC_WARN_UNDECLARED_SELECTOR = YES;
				GCC_WARN_UNINITIALIZED_AUTOS = YES_AGGRESSIVE;
				GCC_WARN_UNUSED_FUNCTION = YES;
				GCC_WARN_UNUSED_VARIABLE = YES;
				IPHONEOS_DEPLOYMENT_TARGET = 11.4;
				MTL_ENABLE_DEBUG_INFO = YES;
				ONLY_ACTIVE_ARCH = YES;
				SDKROOT = iphoneos;
				SWIFT_ACTIVE_COMPILATION_CONDITIONS = DEBUG;
				SWIFT_OPTIMIZATION_LEVEL = "-Onone";
			};
			name = Debug;
		};
		C5A351E2210D0CE500A717D3 /* Release */ = {
			isa = XCBuildConfiguration;
			buildSettings = {
				ALWAYS_SEARCH_USER_PATHS = NO;
				CLANG_ANALYZER_NONNULL = YES;
				CLANG_ANALYZER_NUMBER_OBJECT_CONVERSION = YES_AGGRESSIVE;
				CLANG_CXX_LANGUAGE_STANDARD = "gnu++14";
				CLANG_CXX_LIBRARY = "libc++";
				CLANG_ENABLE_MODULES = YES;
				CLANG_ENABLE_OBJC_ARC = YES;
				CLANG_ENABLE_OBJC_WEAK = YES;
				CLANG_WARN_BLOCK_CAPTURE_AUTORELEASING = YES;
				CLANG_WARN_BOOL_CONVERSION = YES;
				CLANG_WARN_COMMA = YES;
				CLANG_WARN_CONSTANT_CONVERSION = YES;
				CLANG_WARN_DEPRECATED_OBJC_IMPLEMENTATIONS = YES;
				CLANG_WARN_DIRECT_OBJC_ISA_USAGE = YES_ERROR;
				CLANG_WARN_DOCUMENTATION_COMMENTS = YES;
				CLANG_WARN_EMPTY_BODY = YES;
				CLANG_WARN_ENUM_CONVERSION = YES;
				CLANG_WARN_INFINITE_RECURSION = YES;
				CLANG_WARN_INT_CONVERSION = YES;
				CLANG_WARN_NON_LITERAL_NULL_CONVERSION = YES;
				CLANG_WARN_OBJC_IMPLICIT_RETAIN_SELF = YES;
				CLANG_WARN_OBJC_LITERAL_CONVERSION = YES;
				CLANG_WARN_OBJC_ROOT_CLASS = YES_ERROR;
				CLANG_WARN_RANGE_LOOP_ANALYSIS = YES;
				CLANG_WARN_STRICT_PROTOTYPES = YES;
				CLANG_WARN_SUSPICIOUS_MOVE = YES;
				CLANG_WARN_UNGUARDED_AVAILABILITY = YES_AGGRESSIVE;
				CLANG_WARN_UNREACHABLE_CODE = YES;
				CLANG_WARN__DUPLICATE_METHOD_MATCH = YES;
				CODE_SIGN_IDENTITY = "iPhone Developer";
				COPY_PHASE_STRIP = NO;
				DEBUG_INFORMATION_FORMAT = "dwarf-with-dsym";
				ENABLE_NS_ASSERTIONS = NO;
				ENABLE_STRICT_OBJC_MSGSEND = YES;
				GCC_C_LANGUAGE_STANDARD = gnu11;
				GCC_NO_COMMON_BLOCKS = YES;
				GCC_WARN_64_TO_32_BIT_CONVERSION = YES;
				GCC_WARN_ABOUT_RETURN_TYPE = YES_ERROR;
				GCC_WARN_UNDECLARED_SELECTOR = YES;
				GCC_WARN_UNINITIALIZED_AUTOS = YES_AGGRESSIVE;
				GCC_WARN_UNUSED_FUNCTION = YES;
				GCC_WARN_UNUSED_VARIABLE = YES;
				IPHONEOS_DEPLOYMENT_TARGET = 11.4;
				MTL_ENABLE_DEBUG_INFO = NO;
				SDKROOT = iphoneos;
				SWIFT_COMPILATION_MODE = wholemodule;
				SWIFT_OPTIMIZATION_LEVEL = "-O";
				VALIDATE_PRODUCT = YES;
			};
			name = Release;
		};
		C5A351E4210D0CE500A717D3 /* Debug */ = {
			isa = XCBuildConfiguration;
			baseConfigurationReference = 2246EBA8F123A0E424596355 /* Pods-KifuSF.debug.xcconfig */;
			buildSettings = {
				ASSETCATALOG_COMPILER_APPICON_NAME = AppIcon;
				CODE_SIGN_STYLE = Automatic;
				DEVELOPMENT_TEAM = "";
				INFOPLIST_FILE = KifuSF/Info.plist;
				LD_RUNPATH_SEARCH_PATHS = (
					"$(inherited)",
					"@executable_path/Frameworks",
				);
				PRODUCT_BUNDLE_IDENTIFIER = com.codingbytes.KifuSF;
				PRODUCT_NAME = "$(TARGET_NAME)";
				SWIFT_VERSION = 4.0;
				TARGETED_DEVICE_FAMILY = "1,2";
			};
			name = Debug;
		};
		C5A351E5210D0CE500A717D3 /* Release */ = {
			isa = XCBuildConfiguration;
			baseConfigurationReference = F635C86907ADA56FDC08B3BE /* Pods-KifuSF.release.xcconfig */;
			buildSettings = {
				ASSETCATALOG_COMPILER_APPICON_NAME = AppIcon;
				CODE_SIGN_STYLE = Automatic;
				DEVELOPMENT_TEAM = "";
				INFOPLIST_FILE = KifuSF/Info.plist;
				LD_RUNPATH_SEARCH_PATHS = (
					"$(inherited)",
					"@executable_path/Frameworks",
				);
				PRODUCT_BUNDLE_IDENTIFIER = com.codingbytes.KifuSF;
				PRODUCT_NAME = "$(TARGET_NAME)";
				SWIFT_VERSION = 4.0;
				TARGETED_DEVICE_FAMILY = "1,2";
			};
			name = Release;
		};
/* End XCBuildConfiguration section */

/* Begin XCConfigurationList section */
		C5A351CC210D0CE500A717D3 /* Build configuration list for PBXProject "KifuSF" */ = {
			isa = XCConfigurationList;
			buildConfigurations = (
				C5A351E1210D0CE500A717D3 /* Debug */,
				C5A351E2210D0CE500A717D3 /* Release */,
			);
			defaultConfigurationIsVisible = 0;
			defaultConfigurationName = Release;
		};
		C5A351E3210D0CE500A717D3 /* Build configuration list for PBXNativeTarget "KifuSF" */ = {
			isa = XCConfigurationList;
			buildConfigurations = (
				C5A351E4210D0CE500A717D3 /* Debug */,
				C5A351E5210D0CE500A717D3 /* Release */,
			);
			defaultConfigurationIsVisible = 0;
			defaultConfigurationName = Release;
		};
/* End XCConfigurationList section */
	};
	rootObject = C5A351C9210D0CE500A717D3 /* Project object */;
}
